// !$*UTF8*$!
{
	archiveVersion = 1;
	classes = {
	};
	objectVersion = 77;
	objects = {

/* Begin PBXBuildFile section */
		0A73DCDA18F4DBDE47491D2B /* SoberApp.swift in Sources */ = {isa = PBXBuildFile; fileRef = 0E8648A1BF4A54BDA96FE775 /* SoberApp.swift */; };
		2BBAFCA3C3B8F8461D7B215B /* FaceTrackingService.swift in Sources */ = {isa = PBXBuildFile; fileRef = A51139029ED00CA564F1EB69 /* FaceTrackingService.swift */; };
		3884A8114D5B0E0DA27AB108 /* Palette.swift in Sources */ = {isa = PBXBuildFile; fileRef = FA3ABA407F78E17298DEA2FD /* Palette.swift */; };
		3A884C52287D98149E445215 /* SafetyPlanView.swift in Sources */ = {isa = PBXBuildFile; fileRef = 12FD7A0C2617A8B4053F94FE /* SafetyPlanView.swift */; };
		3F6DC813101ECF9A30552ABC /* OcularTaskView.swift in Sources */ = {isa = PBXBuildFile; fileRef = 7DF5020E9E4FFA03E0A97B35 /* OcularTaskView.swift */; };
		439F5160C69E50720CBFC354 /* BaselineProfileEngine.swift in Sources */ = {isa = PBXBuildFile; fileRef = DFCA8616F52D00B34DC76C73 /* BaselineProfileEngine.swift */; };
		45A9CFA18E73738D0779B36E /* ResearchDataTests.swift in Sources */ = {isa = PBXBuildFile; fileRef = DF7530F57438E70B5D8D576E /* ResearchDataTests.swift */; };
		48E4C17B7146DC42773D76D5 /* ResearchModels.swift in Sources */ = {isa = PBXBuildFile; fileRef = 804D0A298DBB719A4493299F /* ResearchModels.swift */; };
		4BCE367BF7EAC7EF84E82CAE /* ScreeningFlowView.swift in Sources */ = {isa = PBXBuildFile; fileRef = A20F48F19933BD649B2BB3A9 /* ScreeningFlowView.swift */; };
		4D64B64690636893D56287E9 /* ScreeningEngineTests.swift in Sources */ = {isa = PBXBuildFile; fileRef = 6818BE10CEA441DD6AD13391 /* ScreeningEngineTests.swift */; };
		5108275C9415E69F6D8708FF /* ScreeningModels.swift in Sources */ = {isa = PBXBuildFile; fileRef = 1557DFCB0CAF8442F7F1A688 /* ScreeningModels.swift */; };
		554AD224071C5C26118571A6 /* OcularModels.swift in Sources */ = {isa = PBXBuildFile; fileRef = C9001A9459892F746005CE25 /* OcularModels.swift */; };
		555EA5EDEA5A17AB2EFE72D3 /* SignalHalo.swift in Sources */ = {isa = PBXBuildFile; fileRef = 23942604D2736802062223EA /* SignalHalo.swift */; };
		5652FD191404BF073A0B86F6 /* SoberComponents.swift in Sources */ = {isa = PBXBuildFile; fileRef = F69FF16FB9F7B0082399E074 /* SoberComponents.swift */; };
		630520EC9D9955E4D2C300B3 /* ResearchSessionStore.swift in Sources */ = {isa = PBXBuildFile; fileRef = 008D3F8ADA890C91516A0DC1 /* ResearchSessionStore.swift */; };
		6D32C8F6FD7754A8BB53F5C0 /* OnboardingView.swift in Sources */ = {isa = PBXBuildFile; fileRef = EB3617C72DF6BA3AF37764DF /* OnboardingView.swift */; };
		75B902DC9EFA654F12C8DEE2 /* FaceCameraPreview.swift in Sources */ = {isa = PBXBuildFile; fileRef = 0CB1DFA41473EA81118E1229 /* FaceCameraPreview.swift */; };
		77950C028EA8BD14C1C02927 /* ResearchPreferences.swift in Sources */ = {isa = PBXBuildFile; fileRef = 281945014B1C95CFDF4E271C /* ResearchPreferences.swift */; };
		857568F4B503E22D9B628C11 /* AppModel.swift in Sources */ = {isa = PBXBuildFile; fileRef = F0CB031B0DAC7F8FCAFD491B /* AppModel.swift */; };
		8A579B641F45808FC4C51471 /* ReviewRegressionTests.swift in Sources */ = {isa = PBXBuildFile; fileRef = A7D2530230715C6FC2DF59AA /* ReviewRegressionTests.swift */; };
		906D837DEDF3AA3B6CCA5851 /* HomeView.swift in Sources */ = {isa = PBXBuildFile; fileRef = 1CC25F72A27335610F808FA8 /* HomeView.swift */; };
		A8F1BE46F1E94207CAC11427 /* TaskViews.swift in Sources */ = {isa = PBXBuildFile; fileRef = 6F5D3100A283CC667C7A0EF8 /* TaskViews.swift */; };
		AF3F7A483DD4CDD0E9C6C323 /* CameraCalibrationView.swift in Sources */ = {isa = PBXBuildFile; fileRef = 13A596808C5944580D9A323B /* CameraCalibrationView.swift */; };
		B6EE46C2B49B2CD1D195B5C6 /* ResearchModeView.swift in Sources */ = {isa = PBXBuildFile; fileRef = 0B77BB710C5315F758F0D499 /* ResearchModeView.swift */; };
		C3E6B6F5DC937DDDBAFADBF2 /* ScreeningEngine.swift in Sources */ = {isa = PBXBuildFile; fileRef = 544A09CBF8D0B39D953DC3AC /* ScreeningEngine.swift */; };
		D5A41CA6A9E9B4A3089483DD /* OcularSignalAnalyzer.swift in Sources */ = {isa = PBXBuildFile; fileRef = E4FEFFB98D7564B843351EA3 /* OcularSignalAnalyzer.swift */; };
		E7609B38B6002DF84AA1C7F7 /* AppModelTests.swift in Sources */ = {isa = PBXBuildFile; fileRef = 3ED59CDEE3F39A86D8F1627A /* AppModelTests.swift */; };
		EC8E5A96E6EB532342042E02 /* TaskModels.swift in Sources */ = {isa = PBXBuildFile; fileRef = 64D21C92E2C87F13E3587EA3 /* TaskModels.swift */; };
		F6F27FAD29936B7B0D697832 /* ResultView.swift in Sources */ = {isa = PBXBuildFile; fileRef = 25B2F1096488EAE1C4259DBC /* ResultView.swift */; };
		FABC36E95F69798E797ADD9A /* OcularAndTaskTests.swift in Sources */ = {isa = PBXBuildFile; fileRef = 17C93C19D2DFBA53C1B97033 /* OcularAndTaskTests.swift */; };
		0037191371A8B3B1A738AAE4 /* GuardianModelsTests.swift in Sources */ = {isa = PBXBuildFile; fileRef = 35F5ED9EBC510409586CF228 /* GuardianModelsTests.swift */; };
		020EE7C0125E9E44DEB8D172 /* PupilCaptureService.swift in Sources */ = {isa = PBXBuildFile; fileRef = 6345D6D96D6EA040AC39AA80 /* PupilCaptureService.swift */; };
		089DE84C36F7C1E2EA9F079D /* DrivingDetectionService.swift in Sources */ = {isa = PBXBuildFile; fileRef = 2BB71C271E03E56EF135F0B1 /* DrivingDetectionService.swift */; };
		1A2CF60215F40F8096CA2617 /* GuardianSetupView.swift in Sources */ = {isa = PBXBuildFile; fileRef = FFCC6D45BD56591E22E73965 /* GuardianSetupView.swift */; };
		64C42336795A151EBEDF835C /* GuardianModels.swift in Sources */ = {isa = PBXBuildFile; fileRef = 6EFE3CFA0B762C45BCF63639 /* GuardianModels.swift */; };
		6C5EF945B7E8D7AE62232519 /* GuardianScheduleView.swift in Sources */ = {isa = PBXBuildFile; fileRef = 943CA7A60B3CFBAA1CBD5924 /* GuardianScheduleView.swift */; };
		8142FC615D0C6A914B1A1440 /* GuardianPairingService.swift in Sources */ = {isa = PBXBuildFile; fileRef = 237B325B8F8C7D2E1E4C6B8E /* GuardianPairingService.swift */; };
		BA8C901B8261804FBD038C69 /* GuardianCoordinator.swift in Sources */ = {isa = PBXBuildFile; fileRef = E07FEDC7D99A27BA58E2C453 /* GuardianCoordinator.swift */; };
		D17AB03DD45D68F8CBD75EE4 /* GuardianPairingView.swift in Sources */ = {isa = PBXBuildFile; fileRef = 4279AC8F415EE3CB2F04A6CB /* GuardianPairingView.swift */; };
		ECC214B060CBF1019CDE3D49 /* PupillometryTaskView.swift in Sources */ = {isa = PBXBuildFile; fileRef = D8970CEFEFC776B369EC3E28 /* PupillometryTaskView.swift */; };
/* End PBXBuildFile section */

/* Begin PBXContainerItemProxy section */
		85E671BD7CBD5A48C945F273 /* PBXContainerItemProxy */ = {
			isa = PBXContainerItemProxy;
			containerPortal = CF1DAC78A062177D07F16AD4 /* Project object */;
			proxyType = 1;
			remoteGlobalIDString = F1848F7C2B81A7E5AF4CAD9A;
			remoteInfo = Sober;
		};
/* End PBXContainerItemProxy section */

/* Begin PBXFileReference section */
		008D3F8ADA890C91516A0DC1 /* ResearchSessionStore.swift */ = {isa = PBXFileReference; lastKnownFileType = sourcecode.swift; path = ResearchSessionStore.swift; sourceTree = "<group>"; };
		0B77BB710C5315F758F0D499 /* ResearchModeView.swift */ = {isa = PBXFileReference; lastKnownFileType = sourcecode.swift; path = ResearchModeView.swift; sourceTree = "<group>"; };
		0CB1DFA41473EA81118E1229 /* FaceCameraPreview.swift */ = {isa = PBXFileReference; lastKnownFileType = sourcecode.swift; path = FaceCameraPreview.swift; sourceTree = "<group>"; };
		0E8648A1BF4A54BDA96FE775 /* SoberApp.swift */ = {isa = PBXFileReference; lastKnownFileType = sourcecode.swift; path = SoberApp.swift; sourceTree = "<group>"; };
		12FD7A0C2617A8B4053F94FE /* SafetyPlanView.swift */ = {isa = PBXFileReference; lastKnownFileType = sourcecode.swift; path = SafetyPlanView.swift; sourceTree = "<group>"; };
		13A596808C5944580D9A323B /* CameraCalibrationView.swift */ = {isa = PBXFileReference; lastKnownFileType = sourcecode.swift; path = CameraCalibrationView.swift; sourceTree = "<group>"; };
		1557DFCB0CAF8442F7F1A688 /* ScreeningModels.swift */ = {isa = PBXFileReference; lastKnownFileType = sourcecode.swift; path = ScreeningModels.swift; sourceTree = "<group>"; };
		17C93C19D2DFBA53C1B97033 /* OcularAndTaskTests.swift */ = {isa = PBXFileReference; lastKnownFileType = sourcecode.swift; path = OcularAndTaskTests.swift; sourceTree = "<group>"; };
		1CC25F72A27335610F808FA8 /* HomeView.swift */ = {isa = PBXFileReference; lastKnownFileType = sourcecode.swift; path = HomeView.swift; sourceTree = "<group>"; };
		23942604D2736802062223EA /* SignalHalo.swift */ = {isa = PBXFileReference; lastKnownFileType = sourcecode.swift; path = SignalHalo.swift; sourceTree = "<group>"; };
		25B2F1096488EAE1C4259DBC /* ResultView.swift */ = {isa = PBXFileReference; lastKnownFileType = sourcecode.swift; path = ResultView.swift; sourceTree = "<group>"; };
		281945014B1C95CFDF4E271C /* ResearchPreferences.swift */ = {isa = PBXFileReference; lastKnownFileType = sourcecode.swift; path = ResearchPreferences.swift; sourceTree = "<group>"; };
		3ED59CDEE3F39A86D8F1627A /* AppModelTests.swift */ = {isa = PBXFileReference; lastKnownFileType = sourcecode.swift; path = AppModelTests.swift; sourceTree = "<group>"; };
		544A09CBF8D0B39D953DC3AC /* ScreeningEngine.swift */ = {isa = PBXFileReference; lastKnownFileType = sourcecode.swift; path = ScreeningEngine.swift; sourceTree = "<group>"; };
		64D21C92E2C87F13E3587EA3 /* TaskModels.swift */ = {isa = PBXFileReference; lastKnownFileType = sourcecode.swift; path = TaskModels.swift; sourceTree = "<group>"; };
		6818BE10CEA441DD6AD13391 /* ScreeningEngineTests.swift */ = {isa = PBXFileReference; lastKnownFileType = sourcecode.swift; path = ScreeningEngineTests.swift; sourceTree = "<group>"; };
		6F5D3100A283CC667C7A0EF8 /* TaskViews.swift */ = {isa = PBXFileReference; lastKnownFileType = sourcecode.swift; path = TaskViews.swift; sourceTree = "<group>"; };
		7DF5020E9E4FFA03E0A97B35 /* OcularTaskView.swift */ = {isa = PBXFileReference; lastKnownFileType = sourcecode.swift; path = OcularTaskView.swift; sourceTree = "<group>"; };
		804D0A298DBB719A4493299F /* ResearchModels.swift */ = {isa = PBXFileReference; lastKnownFileType = sourcecode.swift; path = ResearchModels.swift; sourceTree = "<group>"; };
		A20F48F19933BD649B2BB3A9 /* ScreeningFlowView.swift */ = {isa = PBXFileReference; lastKnownFileType = sourcecode.swift; path = ScreeningFlowView.swift; sourceTree = "<group>"; };
		A283843C5F8155F2ABF81000 /* SoberTests.xctest */ = {isa = PBXFileReference; includeInIndex = 0; lastKnownFileType = wrapper.cfbundle; path = SoberTests.xctest; sourceTree = BUILT_PRODUCTS_DIR; };
		A51139029ED00CA564F1EB69 /* FaceTrackingService.swift */ = {isa = PBXFileReference; lastKnownFileType = sourcecode.swift; path = FaceTrackingService.swift; sourceTree = "<group>"; };
		A7D2530230715C6FC2DF59AA /* ReviewRegressionTests.swift */ = {isa = PBXFileReference; lastKnownFileType = sourcecode.swift; path = ReviewRegressionTests.swift; sourceTree = "<group>"; };
		C9001A9459892F746005CE25 /* OcularModels.swift */ = {isa = PBXFileReference; lastKnownFileType = sourcecode.swift; path = OcularModels.swift; sourceTree = "<group>"; };
		DF7530F57438E70B5D8D576E /* ResearchDataTests.swift */ = {isa = PBXFileReference; lastKnownFileType = sourcecode.swift; path = ResearchDataTests.swift; sourceTree = "<group>"; };
		DFCA8616F52D00B34DC76C73 /* BaselineProfileEngine.swift */ = {isa = PBXFileReference; lastKnownFileType = sourcecode.swift; path = BaselineProfileEngine.swift; sourceTree = "<group>"; };
		E4FEFFB98D7564B843351EA3 /* OcularSignalAnalyzer.swift */ = {isa = PBXFileReference; lastKnownFileType = sourcecode.swift; path = OcularSignalAnalyzer.swift; sourceTree = "<group>"; };
		E5D0277C1F1057B474837F2C /* Sober.app */ = {isa = PBXFileReference; includeInIndex = 0; lastKnownFileType = wrapper.application; path = Sober.app; sourceTree = BUILT_PRODUCTS_DIR; };
		EB3617C72DF6BA3AF37764DF /* OnboardingView.swift */ = {isa = PBXFileReference; lastKnownFileType = sourcecode.swift; path = OnboardingView.swift; sourceTree = "<group>"; };
		F0CB031B0DAC7F8FCAFD491B /* AppModel.swift */ = {isa = PBXFileReference; lastKnownFileType = sourcecode.swift; path = AppModel.swift; sourceTree = "<group>"; };
		F69FF16FB9F7B0082399E074 /* SoberComponents.swift */ = {isa = PBXFileReference; lastKnownFileType = sourcecode.swift; path = SoberComponents.swift; sourceTree = "<group>"; };
		FA3ABA407F78E17298DEA2FD /* Palette.swift */ = {isa = PBXFileReference; lastKnownFileType = sourcecode.swift; path = Palette.swift; sourceTree = "<group>"; };
		21BEC03B68BE93F61D7D702A /* Info.plist */ = {isa = PBXFileReference; lastKnownFileType = text.plist.xml; path = Info.plist; sourceTree = "<group>"; };
		237B325B8F8C7D2E1E4C6B8E /* GuardianPairingService.swift */ = {isa = PBXFileReference; lastKnownFileType = sourcecode.swift; path = GuardianPairingService.swift; sourceTree = "<group>"; };
		2BB71C271E03E56EF135F0B1 /* DrivingDetectionService.swift */ = {isa = PBXFileReference; lastKnownFileType = sourcecode.swift; path = DrivingDetectionService.swift; sourceTree = "<group>"; };
		35F5ED9EBC510409586CF228 /* GuardianModelsTests.swift */ = {isa = PBXFileReference; lastKnownFileType = sourcecode.swift; path = GuardianModelsTests.swift; sourceTree = "<group>"; };
		4279AC8F415EE3CB2F04A6CB /* GuardianPairingView.swift */ = {isa = PBXFileReference; lastKnownFileType = sourcecode.swift; path = GuardianPairingView.swift; sourceTree = "<group>"; };
		5502374DAAE101713EDC1B55 /* Sober.entitlements */ = {isa = PBXFileReference; lastKnownFileType = text.plist.entitlements; path = Sober.entitlements; sourceTree = "<group>"; };
		6345D6D96D6EA040AC39AA80 /* PupilCaptureService.swift */ = {isa = PBXFileReference; lastKnownFileType = sourcecode.swift; path = PupilCaptureService.swift; sourceTree = "<group>"; };
		6EFE3CFA0B762C45BCF63639 /* GuardianModels.swift */ = {isa = PBXFileReference; lastKnownFileType = sourcecode.swift; path = GuardianModels.swift; sourceTree = "<group>"; };
		943CA7A60B3CFBAA1CBD5924 /* GuardianScheduleView.swift */ = {isa = PBXFileReference; lastKnownFileType = sourcecode.swift; path = GuardianScheduleView.swift; sourceTree = "<group>"; };
		D8970CEFEFC776B369EC3E28 /* PupillometryTaskView.swift */ = {isa = PBXFileReference; lastKnownFileType = sourcecode.swift; path = PupillometryTaskView.swift; sourceTree = "<group>"; };
		E07FEDC7D99A27BA58E2C453 /* GuardianCoordinator.swift */ = {isa = PBXFileReference; lastKnownFileType = sourcecode.swift; path = GuardianCoordinator.swift; sourceTree = "<group>"; };
		FFCC6D45BD56591E22E73965 /* GuardianSetupView.swift */ = {isa = PBXFileReference; lastKnownFileType = sourcecode.swift; path = GuardianSetupView.swift; sourceTree = "<group>"; };
/* End PBXFileReference section */

/* Begin PBXGroup section */
		0264280DC0D78C25EF0D94FB /* SoberTests */ = {
			isa = PBXGroup;
			children = (
				35F5ED9EBC510409586CF228 /* GuardianModelsTests.swift */,
				3ED59CDEE3F39A86D8F1627A /* AppModelTests.swift */,
				17C93C19D2DFBA53C1B97033 /* OcularAndTaskTests.swift */,
				DF7530F57438E70B5D8D576E /* ResearchDataTests.swift */,
				A7D2530230715C6FC2DF59AA /* ReviewRegressionTests.swift */,
				6818BE10CEA441DD6AD13391 /* ScreeningEngineTests.swift */,
			);
			path = SoberTests;
			sourceTree = "<group>";
		};
		0A1D53C05D7DB542D8368F35 /* Research */ = {
			isa = PBXGroup;
			children = (
				0B77BB710C5315F758F0D499 /* ResearchModeView.swift */,
			);
			path = Research;
			sourceTree = "<group>";
		};
		0D931F194DF9B61C0FE41CFF /* Screening */ = {
			isa = PBXGroup;
			children = (
				D8970CEFEFC776B369EC3E28 /* PupillometryTaskView.swift */,
				13A596808C5944580D9A323B /* CameraCalibrationView.swift */,
				7DF5020E9E4FFA03E0A97B35 /* OcularTaskView.swift */,
				A20F48F19933BD649B2BB3A9 /* ScreeningFlowView.swift */,
				6F5D3100A283CC667C7A0EF8 /* TaskViews.swift */,
			);
			path = Screening;
			sourceTree = "<group>";
		};
		1FABC51C5F600CB258190FC0 /* Results */ = {
			isa = PBXGroup;
			children = (
				25B2F1096488EAE1C4259DBC /* ResultView.swift */,
			);
			path = Results;
			sourceTree = "<group>";
		};
		26FAADC19274E05E861374DF /* Design */ = {
			isa = PBXGroup;
			children = (
				FA3ABA407F78E17298DEA2FD /* Palette.swift */,
			);
			path = Design;
			sourceTree = "<group>";
		};
		2AD38A1F6F0E620AB0798AD7 = {
			isa = PBXGroup;
			children = (
				3302830DB36CA04243C83802 /* Sober */,
				0264280DC0D78C25EF0D94FB /* SoberTests */,
				8D71CAD5044A7688E9ABFDCA /* Products */,
			);
			sourceTree = "<group>";
		};
		3302830DB36CA04243C83802 /* Sober */ = {
			isa = PBXGroup;
			children = (
				B5546AEA9AF05100D39C8E97 /* App */,
				6979467F7B883BBAC8250E17 /* Components */,
				26FAADC19274E05E861374DF /* Design */,
				44992AC65B20E716710B920F /* Features */,
				FCE724912A8F91BCD131718A /* Models */,
				E3A38A79683D8E6226C0B9D2 /* Services */,
			);
			path = Sober;
			sourceTree = "<group>";
		};
		44992AC65B20E716710B920F /* Features */ = {
			isa = PBXGroup;
			children = (
				0611941F9057F5F78E777768 /* Guardian */,
				CE3468B3451787117E4877BE /* Home */,
				98960DCB1EE83BC3C464228A /* Onboarding */,
				CD2CD37750A1FFEE5BC32AEF /* Plan */,
				0A1D53C05D7DB542D8368F35 /* Research */,
				1FABC51C5F600CB258190FC0 /* Results */,
				0D931F194DF9B61C0FE41CFF /* Screening */,
			);
			path = Features;
			sourceTree = "<group>";
		};
		6979467F7B883BBAC8250E17 /* Components */ = {
			isa = PBXGroup;
			children = (
				0CB1DFA41473EA81118E1229 /* FaceCameraPreview.swift */,
				23942604D2736802062223EA /* SignalHalo.swift */,
				F69FF16FB9F7B0082399E074 /* SoberComponents.swift */,
			);
			path = Components;
			sourceTree = "<group>";
		};
		8D71CAD5044A7688E9ABFDCA /* Products */ = {
			isa = PBXGroup;
			children = (
				E5D0277C1F1057B474837F2C /* Sober.app */,
				A283843C5F8155F2ABF81000 /* SoberTests.xctest */,
			);
			name = Products;
			sourceTree = "<group>";
		};
		98960DCB1EE83BC3C464228A /* Onboarding */ = {
			isa = PBXGroup;
			children = (
				EB3617C72DF6BA3AF37764DF /* OnboardingView.swift */,
			);
			path = Onboarding;
			sourceTree = "<group>";
		};
		B5546AEA9AF05100D39C8E97 /* App */ = {
			isa = PBXGroup;
			children = (
				5502374DAAE101713EDC1B55 /* Sober.entitlements */,
				21BEC03B68BE93F61D7D702A /* Info.plist */,
				F0CB031B0DAC7F8FCAFD491B /* AppModel.swift */,
				0E8648A1BF4A54BDA96FE775 /* SoberApp.swift */,
			);
			path = App;
			sourceTree = "<group>";
		};
		CD2CD37750A1FFEE5BC32AEF /* Plan */ = {
			isa = PBXGroup;
			children = (
				12FD7A0C2617A8B4053F94FE /* SafetyPlanView.swift */,
			);
			path = Plan;
			sourceTree = "<group>";
		};
		CE3468B3451787117E4877BE /* Home */ = {
			isa = PBXGroup;
			children = (
				1CC25F72A27335610F808FA8 /* HomeView.swift */,
			);
			path = Home;
			sourceTree = "<group>";
		};
		E3A38A79683D8E6226C0B9D2 /* Services */ = {
			isa = PBXGroup;
			children = (
				E07FEDC7D99A27BA58E2C453 /* GuardianCoordinator.swift */,
				237B325B8F8C7D2E1E4C6B8E /* GuardianPairingService.swift */,
				2BB71C271E03E56EF135F0B1 /* DrivingDetectionService.swift */,
				6345D6D96D6EA040AC39AA80 /* PupilCaptureService.swift */,
				DFCA8616F52D00B34DC76C73 /* BaselineProfileEngine.swift */,
				A51139029ED00CA564F1EB69 /* FaceTrackingService.swift */,
				E4FEFFB98D7564B843351EA3 /* OcularSignalAnalyzer.swift */,
				008D3F8ADA890C91516A0DC1 /* ResearchSessionStore.swift */,
				544A09CBF8D0B39D953DC3AC /* ScreeningEngine.swift */,
			);
			path = Services;
			sourceTree = "<group>";
		};
		FCE724912A8F91BCD131718A /* Models */ = {
			isa = PBXGroup;
			children = (
				6EFE3CFA0B762C45BCF63639 /* GuardianModels.swift */,
				C9001A9459892F746005CE25 /* OcularModels.swift */,
				804D0A298DBB719A4493299F /* ResearchModels.swift */,
				281945014B1C95CFDF4E271C /* ResearchPreferences.swift */,
				1557DFCB0CAF8442F7F1A688 /* ScreeningModels.swift */,
				64D21C92E2C87F13E3587EA3 /* TaskModels.swift */,
			);
			path = Models;
			sourceTree = "<group>";
		};
		0611941F9057F5F78E777768 /* Guardian */ = {
			isa = PBXGroup;
			children = (
				4279AC8F415EE3CB2F04A6CB /* GuardianPairingView.swift */,
				943CA7A60B3CFBAA1CBD5924 /* GuardianScheduleView.swift */,
				FFCC6D45BD56591E22E73965 /* GuardianSetupView.swift */,
			);
			path = Guardian;
			sourceTree = "<group>";
		};
/* End PBXGroup section */

/* Begin PBXNativeTarget section */
		28D796906C95F4478FEED7B3 /* SoberTests */ = {
			isa = PBXNativeTarget;
			buildConfigurationList = 9B56F81CF330DFA724B51E6E /* Build configuration list for PBXNativeTarget "SoberTests" */;
			buildPhases = (
				AB4AD64EDF509BD6CA2DDFD8 /* Sources */,
			);
			buildRules = (
			);
			dependencies = (
				A42F817B9EC810E181BF2490 /* PBXTargetDependency */,
			);
			name = SoberTests;
			packageProductDependencies = (
			);
			productName = SoberTests;
			productReference = A283843C5F8155F2ABF81000 /* SoberTests.xctest */;
			productType = "com.apple.product-type.bundle.unit-test";
		};
		F1848F7C2B81A7E5AF4CAD9A /* Sober */ = {
			isa = PBXNativeTarget;
			buildConfigurationList = 893B8341BFCD744CE5C81135 /* Build configuration list for PBXNativeTarget "Sober" */;
			buildPhases = (
				AF3A0054D273C9A624B9BFCB /* Sources */,
			);
			buildRules = (
			);
			dependencies = (
			);
			name = Sober;
			packageProductDependencies = (
			);
			productName = Sober;
			productReference = E5D0277C1F1057B474837F2C /* Sober.app */;
			productType = "com.apple.product-type.application";
		};
/* End PBXNativeTarget section */

/* Begin PBXProject section */
		CF1DAC78A062177D07F16AD4 /* Project object */ = {
			isa = PBXProject;
			attributes = {
				BuildIndependentTargetsInParallel = YES;
				LastUpgradeCheck = 2600;
				TargetAttributes = {
				};
			};
			buildConfigurationList = 34EAAE8361AA3275755B4E5D /* Build configuration list for PBXProject "Sober" */;
			developmentRegion = en;
			hasScannedForEncodings = 0;
			knownRegions = (
				Base,
				en,
			);
			mainGroup = 2AD38A1F6F0E620AB0798AD7;
			minimizedProjectReferenceProxies = 1;
			preferredProjectObjectVersion = 77;
			productRefGroup = 8D71CAD5044A7688E9ABFDCA /* Products */;
			projectDirPath = "";
			projectRoot = "";
			targets = (
				F1848F7C2B81A7E5AF4CAD9A /* Sober */,
				28D796906C95F4478FEED7B3 /* SoberTests */,
			);
		};
/* End PBXProject section */

/* Begin PBXSourcesBuildPhase section */
		AB4AD64EDF509BD6CA2DDFD8 /* Sources */ = {
			isa = PBXSourcesBuildPhase;
			buildActionMask = 2147483647;
			files = (
				0037191371A8B3B1A738AAE4 /* GuardianModelsTests.swift in Sources */,
				E7609B38B6002DF84AA1C7F7 /* AppModelTests.swift in Sources */,
				FABC36E95F69798E797ADD9A /* OcularAndTaskTests.swift in Sources */,
				45A9CFA18E73738D0779B36E /* ResearchDataTests.swift in Sources */,
				8A579B641F45808FC4C51471 /* ReviewRegressionTests.swift in Sources */,
				4D64B64690636893D56287E9 /* ScreeningEngineTests.swift in Sources */,
			);
			runOnlyForDeploymentPostprocessing = 0;
		};
		AF3A0054D273C9A624B9BFCB /* Sources */ = {
			isa = PBXSourcesBuildPhase;
			buildActionMask = 2147483647;
			files = (
				1A2CF60215F40F8096CA2617 /* GuardianSetupView.swift in Sources */,
				6C5EF945B7E8D7AE62232519 /* GuardianScheduleView.swift in Sources */,
				D17AB03DD45D68F8CBD75EE4 /* GuardianPairingView.swift in Sources */,
				BA8C901B8261804FBD038C69 /* GuardianCoordinator.swift in Sources */,
				8142FC615D0C6A914B1A1440 /* GuardianPairingService.swift in Sources */,
				089DE84C36F7C1E2EA9F079D /* DrivingDetectionService.swift in Sources */,
				64C42336795A151EBEDF835C /* GuardianModels.swift in Sources */,
				ECC214B060CBF1019CDE3D49 /* PupillometryTaskView.swift in Sources */,
				020EE7C0125E9E44DEB8D172 /* PupilCaptureService.swift in Sources */,
				857568F4B503E22D9B628C11 /* AppModel.swift in Sources */,
				439F5160C69E50720CBFC354 /* BaselineProfileEngine.swift in Sources */,
				AF3F7A483DD4CDD0E9C6C323 /* CameraCalibrationView.swift in Sources */,
				75B902DC9EFA654F12C8DEE2 /* FaceCameraPreview.swift in Sources */,
				2BBAFCA3C3B8F8461D7B215B /* FaceTrackingService.swift in Sources */,
				906D837DEDF3AA3B6CCA5851 /* HomeView.swift in Sources */,
				554AD224071C5C26118571A6 /* OcularModels.swift in Sources */,
				D5A41CA6A9E9B4A3089483DD /* OcularSignalAnalyzer.swift in Sources */,
				3F6DC813101ECF9A30552ABC /* OcularTaskView.swift in Sources */,
				6D32C8F6FD7754A8BB53F5C0 /* OnboardingView.swift in Sources */,
				3884A8114D5B0E0DA27AB108 /* Palette.swift in Sources */,
				B6EE46C2B49B2CD1D195B5C6 /* ResearchModeView.swift in Sources */,
				48E4C17B7146DC42773D76D5 /* ResearchModels.swift in Sources */,
				77950C028EA8BD14C1C02927 /* ResearchPreferences.swift in Sources */,
				630520EC9D9955E4D2C300B3 /* ResearchSessionStore.swift in Sources */,
				F6F27FAD29936B7B0D697832 /* ResultView.swift in Sources */,
				3A884C52287D98149E445215 /* SafetyPlanView.swift in Sources */,
				C3E6B6F5DC937DDDBAFADBF2 /* ScreeningEngine.swift in Sources */,
				4BCE367BF7EAC7EF84E82CAE /* ScreeningFlowView.swift in Sources */,
				5108275C9415E69F6D8708FF /* ScreeningModels.swift in Sources */,
				555EA5EDEA5A17AB2EFE72D3 /* SignalHalo.swift in Sources */,
				0A73DCDA18F4DBDE47491D2B /* SoberApp.swift in Sources */,
				5652FD191404BF073A0B86F6 /* SoberComponents.swift in Sources */,
				EC8E5A96E6EB532342042E02 /* TaskModels.swift in Sources */,
				A8F1BE46F1E94207CAC11427 /* TaskViews.swift in Sources */,
			);
			runOnlyForDeploymentPostprocessing = 0;
		};
/* End PBXSourcesBuildPhase section */

/* Begin PBXTargetDependency section */
		A42F817B9EC810E181BF2490 /* PBXTargetDependency */ = {
			isa = PBXTargetDependency;
			target = F1848F7C2B81A7E5AF4CAD9A /* Sober */;
			targetProxy = 85E671BD7CBD5A48C945F273 /* PBXContainerItemProxy */;
		};
/* End PBXTargetDependency section */

/* Begin XCBuildConfiguration section */
		1239CA1C563D6F7E12DF525A /* Release */ = {
			isa = XCBuildConfiguration;
			buildSettings = {
				BUNDLE_LOADER = "$(TEST_HOST)";
				GENERATE_INFOPLIST_FILE = YES;
				LD_RUNPATH_SEARCH_PATHS = (
					"$(inherited)",
					"@executable_path/Frameworks",
					"@loader_path/Frameworks",
				);
				PRODUCT_BUNDLE_IDENTIFIER = com.soberprototype.tests;
				SDKROOT = iphoneos;
				TARGETED_DEVICE_FAMILY = "1,2";
				TEST_HOST = "$(BUILT_PRODUCTS_DIR)/Sober.app/Sober";
			};
			name = Release;
		};
		585D79BB5DCA16BA0D031A45 /* Debug */ = {
			isa = XCBuildConfiguration;
			buildSettings = {
				BUNDLE_LOADER = "$(TEST_HOST)";
				GENERATE_INFOPLIST_FILE = YES;
				LD_RUNPATH_SEARCH_PATHS = (
					"$(inherited)",
					"@executable_path/Frameworks",
					"@loader_path/Frameworks",
				);
				PRODUCT_BUNDLE_IDENTIFIER = com.soberprototype.tests;
				SDKROOT = iphoneos;
				TARGETED_DEVICE_FAMILY = "1,2";
				TEST_HOST = "$(BUILT_PRODUCTS_DIR)/Sober.app/Sober";
			};
			name = Debug;
		};
		9EC6530C7FBF5B0D4FD69A88 /* Debug */ = {
			isa = XCBuildConfiguration;
			buildSettings = {
				ASSETCATALOG_COMPILER_APPICON_NAME = AppIcon;
				CODE_SIGN_ENTITLEMENTS = Sober/Sober.entitlements;
				CODE_SIGN_IDENTITY = "iPhone Developer";
				CURRENT_PROJECT_VERSION = 2;
				GENERATE_INFOPLIST_FILE = NO;
				INFOPLIST_FILE = Sober/Info.plist;
				LD_RUNPATH_SEARCH_PATHS = (
					"$(inherited)",
					"@executable_path/Frameworks",
				);
				MARKETING_VERSION = 0.2.0;
				PRODUCT_BUNDLE_IDENTIFIER = com.soberprototype.app;
				PRODUCT_NAME = Sober;
				SDKROOT = iphoneos;
				TARGETED_DEVICE_FAMILY = 1;
			};
			name = Debug;
		};
		A0E8C32166D771755CFC72C6 /* Release */ = {
			isa = XCBuildConfiguration;
			buildSettings = {
				ALWAYS_SEARCH_USER_PATHS = NO;
				CLANG_ANALYZER_NONNULL = YES;
				CLANG_ANALYZER_NUMBER_OBJECT_CONVERSION = YES_AGGRESSIVE;
				CLANG_CXX_LANGUAGE_STANDARD = "gnu++14";
				CLANG_CXX_LIBRARY = "libc++";
				CLANG_ENABLE_MODULES = YES;
				CLANG_ENABLE_OBJC_ARC = YES;
				CLANG_ENABLE_OBJC_WEAK = YES;
				CLANG_WARN_BLOCK_CAPTURE_AUTORELEASING = YES;
				CLANG_WARN_BOOL_CONVERSION = YES;
				CLANG_WARN_COMMA = YES;
				CLANG_WARN_CONSTANT_CONVERSION = YES;
				CLANG_WARN_DEPRECATED_OBJC_IMPLEMENTATIONS = YES;
				CLANG_WARN_DIRECT_OBJC_ISA_USAGE = YES_ERROR;
				CLANG_WARN_DOCUMENTATION_COMMENTS = YES;
				CLANG_WARN_EMPTY_BODY = YES;
				CLANG_WARN_ENUM_CONVERSION = YES;
				CLANG_WARN_INFINITE_RECURSION = YES;
				CLANG_WARN_INT_CONVERSION = YES;
				CLANG_WARN_NON_LITERAL_NULL_CONVERSION = YES;
				CLANG_WARN_OBJC_IMPLICIT_RETAIN_SELF = YES;
				CLANG_WARN_OBJC_LITERAL_CONVERSION = YES;
				CLANG_WARN_OBJC_ROOT_CLASS = YES_ERROR;
				CLANG_WARN_QUOTED_INCLUDE_IN_FRAMEWORK_HEADER = YES;
				CLANG_WARN_RANGE_LOOP_ANALYSIS = YES;
				CLANG_WARN_STRICT_PROTOTYPES = YES;
				CLANG_WARN_SUSPICIOUS_MOVE = YES;
				CLANG_WARN_UNGUARDED_AVAILABILITY = YES_AGGRESSIVE;
				CLANG_WARN_UNREACHABLE_CODE = YES;
				CLANG_WARN__DUPLICATE_METHOD_MATCH = YES;
				COPY_PHASE_STRIP = NO;
				DEBUG_INFORMATION_FORMAT = "dwarf-with-dsym";
				ENABLE_NS_ASSERTIONS = NO;
				ENABLE_STRICT_OBJC_MSGSEND = YES;
				GCC_C_LANGUAGE_STANDARD = gnu11;
				GCC_NO_COMMON_BLOCKS = YES;
				GCC_WARN_64_TO_32_BIT_CONVERSION = YES;
				GCC_WARN_ABOUT_RETURN_TYPE = YES_ERROR;
				GCC_WARN_UNDECLARED_SELECTOR = YES;
				GCC_WARN_UNINITIALIZED_AUTOS = YES_AGGRESSIVE;
				GCC_WARN_UNUSED_FUNCTION = YES;
				GCC_WARN_UNUSED_VARIABLE = YES;
				IPHONEOS_DEPLOYMENT_TARGET = 17.0;
				MTL_ENABLE_DEBUG_INFO = NO;
				MTL_FAST_MATH = YES;
				PRODUCT_NAME = "$(TARGET_NAME)";
				SDKROOT = iphoneos;
				SWIFT_COMPILATION_MODE = wholemodule;
				SWIFT_OPTIMIZATION_LEVEL = "-O";
				SWIFT_VERSION = 6.0;
			};
			name = Release;
		};
		B6782AFC92B2B6441C0CD2C9 /* Debug */ = {
			isa = XCBuildConfiguration;
			buildSettings = {
				ALWAYS_SEARCH_USER_PATHS = NO;
				CLANG_ANALYZER_NONNULL = YES;
				CLANG_ANALYZER_NUMBER_OBJECT_CONVERSION = YES_AGGRESSIVE;
				CLANG_CXX_LANGUAGE_STANDARD = "gnu++14";
				CLANG_CXX_LIBRARY = "libc++";
				CLANG_ENABLE_MODULES = YES;
				CLANG_ENABLE_OBJC_ARC = YES;
				CLANG_ENABLE_OBJC_WEAK = YES;
				CLANG_WARN_BLOCK_CAPTURE_AUTORELEASING = YES;
				CLANG_WARN_BOOL_CONVERSION = YES;
				CLANG_WARN_COMMA = YES;
				CLANG_WARN_CONSTANT_CONVERSION = YES;
				CLANG_WARN_DEPRECATED_OBJC_IMPLEMENTATIONS = YES;
				CLANG_WARN_DIRECT_OBJC_ISA_USAGE = YES_ERROR;
				CLANG_WARN_DOCUMENTATION_COMMENTS = YES;
				CLANG_WARN_EMPTY_BODY = YES;
				CLANG_WARN_ENUM_CONVERSION = YES;
				CLANG_WARN_INFINITE_RECURSION = YES;
				CLANG_WARN_INT_CONVERSION = YES;
				CLANG_WARN_NON_LITERAL_NULL_CONVERSION = YES;
				CLANG_WARN_OBJC_IMPLICIT_RETAIN_SELF = YES;
				CLANG_WARN_OBJC_LITERAL_CONVERSION = YES;
				CLANG_WARN_OBJC_ROOT_CLASS = YES_ERROR;
				CLANG_WARN_QUOTED_INCLUDE_IN_FRAMEWORK_HEADER = YES;
				CLANG_WARN_RANGE_LOOP_ANALYSIS = YES;
				CLANG_WARN_STRICT_PROTOTYPES = YES;
				CLANG_WARN_SUSPICIOUS_MOVE = YES;
				CLANG_WARN_UNGUARDED_AVAILABILITY = YES_AGGRESSIVE;
				CLANG_WARN_UNREACHABLE_CODE = YES;
				CLANG_WARN__DUPLICATE_METHOD_MATCH = YES;
				COPY_PHASE_STRIP = NO;
				DEBUG_INFORMATION_FORMAT = dwarf;
				ENABLE_STRICT_OBJC_MSGSEND = YES;
				ENABLE_TESTABILITY = YES;
				GCC_C_LANGUAGE_STANDARD = gnu11;
				GCC_DYNAMIC_NO_PIC = NO;
				GCC_NO_COMMON_BLOCKS = YES;
				GCC_OPTIMIZATION_LEVEL = 0;
				GCC_PREPROCESSOR_DEFINITIONS = (
					"$(inherited)",
					"DEBUG=1",
				);
				GCC_WARN_64_TO_32_BIT_CONVERSION = YES;
				GCC_WARN_ABOUT_RETURN_TYPE = YES_ERROR;
				GCC_WARN_UNDECLARED_SELECTOR = YES;
				GCC_WARN_UNINITIALIZED_AUTOS = YES_AGGRESSIVE;
				GCC_WARN_UNUSED_FUNCTION = YES;
				GCC_WARN_UNUSED_VARIABLE = YES;
				IPHONEOS_DEPLOYMENT_TARGET = 17.0;
				MTL_ENABLE_DEBUG_INFO = INCLUDE_SOURCE;
				MTL_FAST_MATH = YES;
				ONLY_ACTIVE_ARCH = YES;
				PRODUCT_NAME = "$(TARGET_NAME)";
				SDKROOT = iphoneos;
				SWIFT_ACTIVE_COMPILATION_CONDITIONS = DEBUG;
				SWIFT_OPTIMIZATION_LEVEL = "-Onone";
				SWIFT_VERSION = 6.0;
			};
			name = Debug;
		};
		CA0A1ACB0F84D660013162EB /* Release */ = {
			isa = XCBuildConfiguration;
			buildSettings = {
				ASSETCATALOG_COMPILER_APPICON_NAME = AppIcon;
				CODE_SIGN_ENTITLEMENTS = Sober/Sober.entitlements;
				CODE_SIGN_IDENTITY = "iPhone Developer";
				CURRENT_PROJECT_VERSION = 2;
				GENERATE_INFOPLIST_FILE = NO;
				INFOPLIST_FILE = Sober/Info.plist;
				LD_RUNPATH_SEARCH_PATHS = (
					"$(inherited)",
					"@executable_path/Frameworks",
				);
				MARKETING_VERSION = 0.2.0;
				PRODUCT_BUNDLE_IDENTIFIER = com.soberprototype.app;
				PRODUCT_NAME = Sober;
				SDKROOT = iphoneos;
				TARGETED_DEVICE_FAMILY = 1;
			};
			name = Release;
		};
/* End XCBuildConfiguration section */

/* Begin XCConfigurationList section */
		34EAAE8361AA3275755B4E5D /* Build configuration list for PBXProject "Sober" */ = {
			isa = XCConfigurationList;
			buildConfigurations = (
				B6782AFC92B2B6441C0CD2C9 /* Debug */,
				A0E8C32166D771755CFC72C6 /* Release */,
			);
			defaultConfigurationIsVisible = 0;
			defaultConfigurationName = Debug;
		};
		893B8341BFCD744CE5C81135 /* Build configuration list for PBXNativeTarget "Sober" */ = {
			isa = XCConfigurationList;
			buildConfigurations = (
				9EC6530C7FBF5B0D4FD69A88 /* Debug */,
				CA0A1ACB0F84D660013162EB /* Release */,
			);
			defaultConfigurationIsVisible = 0;
			defaultConfigurationName = Debug;
		};
		9B56F81CF330DFA724B51E6E /* Build configuration list for PBXNativeTarget "SoberTests" */ = {
			isa = XCConfigurationList;
			buildConfigurations = (
				585D79BB5DCA16BA0D031A45 /* Debug */,
				1239CA1C563D6F7E12DF525A /* Release */,
			);
			defaultConfigurationIsVisible = 0;
			defaultConfigurationName = Debug;
		};
/* End XCConfigurationList section */
	};
	rootObject = CF1DAC78A062177D07F16AD4 /* Project object */;
}
