// !$*UTF8*$!
{
	archiveVersion = 1;
	classes = {
	};
	objectVersion = 77;
	objects = {

/* Begin PBXBuildFile section */
		05CE2163F3E42DAEAA3BC849 /* DSGallery.swift in Sources */ = {isa = PBXBuildFile; fileRef = C00511FCD57D9B4FBC6B1A1A /* DSGallery.swift */; };
		0A73DCDA18F4DBDE47491D2B /* SoberApp.swift in Sources */ = {isa = PBXBuildFile; fileRef = 0E8648A1BF4A54BDA96FE775 /* SoberApp.swift */; };
		0B54C4F2DB0A6FA7AFD8E75A /* CircleMapView.swift in Sources */ = {isa = PBXBuildFile; fileRef = 12CCE2721A98BF446D4AA3A2 /* CircleMapView.swift */; };
		0E534F84BD34F6C553810602 /* PupilCaptureService.swift in Sources */ = {isa = PBXBuildFile; fileRef = F8AF2DEAAA3D84F733B67DC9 /* PupilCaptureService.swift */; };
		11921ADD7BF72AAB627531B7 /* YourSteadyView.swift in Sources */ = {isa = PBXBuildFile; fileRef = 4FC54FC880C1A3D97062FCDE /* YourSteadyView.swift */; };
		15BB1FE2A7A259D81112EBEC /* PermissionStore.swift in Sources */ = {isa = PBXBuildFile; fileRef = FC092ACD54BAE55BF8380675 /* PermissionStore.swift */; };
		165C267256A7800A47A7B2A0 /* ReviewerPathUITests.swift in Sources */ = {isa = PBXBuildFile; fileRef = 073988A5B67D68A322D05A27 /* ReviewerPathUITests.swift */; };
		1A71C37E89A77CAE14E2F97E /* ScreeningFlowView.swift in Sources */ = {isa = PBXBuildFile; fileRef = A20F48F19933BD649B2BB3A9 /* ScreeningFlowView.swift */; };
		1D4BDDF59794DB3265604243 /* OnboardingRiskTests.swift in Sources */ = {isa = PBXBuildFile; fileRef = BD193D291F9D389951B550D1 /* OnboardingRiskTests.swift */; };
		2089434D8F6BF6EACE598E75 /* UITestConfiguration.swift in Sources */ = {isa = PBXBuildFile; fileRef = BDBFAEBB016DAA0ADF21017D /* UITestConfiguration.swift */; };
		2240F5630277E3063C46013A /* TaskViews.swift in Sources */ = {isa = PBXBuildFile; fileRef = 6F5D3100A283CC667C7A0EF8 /* TaskViews.swift */; };
		239948BB6751F7C427A1D917 /* GuardianLiveLocationService.swift in Sources */ = {isa = PBXBuildFile; fileRef = 900C0EB485A259CFC3531C09 /* GuardianLiveLocationService.swift */; };
		240740F7B4158F40241A1623 /* GuardianCheckInServices.swift in Sources */ = {isa = PBXBuildFile; fileRef = FFD19F3128181709DE764F0B /* GuardianCheckInServices.swift */; };
		2462681B9D8662FFAE4B604B /* DSFont.swift in Sources */ = {isa = PBXBuildFile; fileRef = 0AD3BB909477CDDCBA26D6D3 /* DSFont.swift */; };
		25E136262ECBDDB99500EFC8 /* CameraCalibrationView.swift in Sources */ = {isa = PBXBuildFile; fileRef = 13A596808C5944580D9A323B /* CameraCalibrationView.swift */; };
		27800BEA0A33A57B9A000FF7 /* CheckHistoryStore.swift in Sources */ = {isa = PBXBuildFile; fileRef = E9CEE37C8964AF05459CDA9F /* CheckHistoryStore.swift */; };
		28B736154A9676FCB216F736 /* UITestConfiguration.swift in Sources */ = {isa = PBXBuildFile; fileRef = BDBFAEBB016DAA0ADF21017D /* UITestConfiguration.swift */; };
		2B3D0C06779F49543898A3F2 /* DSIntegratedResultScreen.swift in Sources */ = {isa = PBXBuildFile; fileRef = 4FF46C229BF65A51EC338AE9 /* DSIntegratedResultScreen.swift */; };
		2BBAFCA3C3B8F8461D7B215B /* FaceTrackingService.swift in Sources */ = {isa = PBXBuildFile; fileRef = A51139029ED00CA564F1EB69 /* FaceTrackingService.swift */; };
		2D07B8D0B6262C3C51AC56B9 /* BaselineProfileEngine.swift in Sources */ = {isa = PBXBuildFile; fileRef = DFCA8616F52D00B34DC76C73 /* BaselineProfileEngine.swift */; };
		312565781DA1FBF2E8A2B930 /* StimulusPalette.swift in Sources */ = {isa = PBXBuildFile; fileRef = B4140C2A150B816F736F4404 /* StimulusPalette.swift */; };
		31463DBCB8555A12DF3AA4C6 /* PupilSegmentation.mlpackage in Sources */ = {isa = PBXBuildFile; fileRef = FA1285417D984728C5CA0F62 /* PupilSegmentation.mlpackage */; };
		37542A4D2550BCD812E972FE /* DSGallery.swift in Sources */ = {isa = PBXBuildFile; fileRef = C00511FCD57D9B4FBC6B1A1A /* DSGallery.swift */; };
		3884A8114D5B0E0DA27AB108 /* Palette.swift in Sources */ = {isa = PBXBuildFile; fileRef = FA3ABA407F78E17298DEA2FD /* Palette.swift */; };
		3A884C52287D98149E445215 /* SafetyPlanView.swift in Sources */ = {isa = PBXBuildFile; fileRef = 12FD7A0C2617A8B4053F94FE /* SafetyPlanView.swift */; };
		3A9A132BD01BD7CE651159AB /* CircleMapView.swift in Sources */ = {isa = PBXBuildFile; fileRef = 12CCE2721A98BF446D4AA3A2 /* CircleMapView.swift */; };
		3EA25F4F063F9D6ED20EF794 /* GuardianModels.swift in Sources */ = {isa = PBXBuildFile; fileRef = 2D117214C47BD9D0F74EB077 /* GuardianModels.swift */; };
		3F106A6C595930023A26361C /* FaceTrackingService.swift in Sources */ = {isa = PBXBuildFile; fileRef = A51139029ED00CA564F1EB69 /* FaceTrackingService.swift */; };
		3F6DC813101ECF9A30552ABC /* OcularTaskView.swift in Sources */ = {isa = PBXBuildFile; fileRef = 7DF5020E9E4FFA03E0A97B35 /* OcularTaskView.swift */; };
		3FCEA4BDF29B948140B5BB46 /* ResearchModels.swift in Sources */ = {isa = PBXBuildFile; fileRef = 804D0A298DBB719A4493299F /* ResearchModels.swift */; };
		40574DCC9B2EFDA9FB9D5434 /* GuardianSessionStore.swift in Sources */ = {isa = PBXBuildFile; fileRef = 37C9FB807BB29095D995C38A /* GuardianSessionStore.swift */; };
		40C71064DB2B9FAB175D9BB8 /* CheckHistoryTests.swift in Sources */ = {isa = PBXBuildFile; fileRef = 4DC6C8AC127FF67AF764965C /* CheckHistoryTests.swift */; };
		4197758E513411230354073D /* CaptureRecoveryOverlay.swift in Sources */ = {isa = PBXBuildFile; fileRef = 314E02FCE19ACB2DFDDF555C /* CaptureRecoveryOverlay.swift */; };
		42141DE1E9EE74A5965E13BB /* PupilMetricsAnalyzer.swift in Sources */ = {isa = PBXBuildFile; fileRef = 05EA0850B072AECB23B6F573 /* PupilMetricsAnalyzer.swift */; };
		439F5160C69E50720CBFC354 /* BaselineProfileEngine.swift in Sources */ = {isa = PBXBuildFile; fileRef = DFCA8616F52D00B34DC76C73 /* BaselineProfileEngine.swift */; };
		45A9CFA18E73738D0779B36E /* ResearchDataTests.swift in Sources */ = {isa = PBXBuildFile; fileRef = DF7530F57438E70B5D8D576E /* ResearchDataTests.swift */; };
		48E4C17B7146DC42773D76D5 /* ResearchModels.swift in Sources */ = {isa = PBXBuildFile; fileRef = 804D0A298DBB719A4493299F /* ResearchModels.swift */; };
		4A4A228F87CD8ADA69E9632E /* GuardianModels.swift in Sources */ = {isa = PBXBuildFile; fileRef = 2D117214C47BD9D0F74EB077 /* GuardianModels.swift */; };
		4BCE367BF7EAC7EF84E82CAE /* ScreeningFlowView.swift in Sources */ = {isa = PBXBuildFile; fileRef = A20F48F19933BD649B2BB3A9 /* ScreeningFlowView.swift */; };
		4D64B64690636893D56287E9 /* ScreeningEngineTests.swift in Sources */ = {isa = PBXBuildFile; fileRef = 6818BE10CEA441DD6AD13391 /* ScreeningEngineTests.swift */; };
		4E943F7B367AD4FC6E465D9F /* Palette.swift in Sources */ = {isa = PBXBuildFile; fileRef = FA3ABA407F78E17298DEA2FD /* Palette.swift */; };
		4F62F042E27D34C126E97BA6 /* BuildChannel.swift in Sources */ = {isa = PBXBuildFile; fileRef = 41FE4F8F275081E3EC620E82 /* BuildChannel.swift */; };
		4F9264D1878E28A209723FC3 /* BuildChannel.swift in Sources */ = {isa = PBXBuildFile; fileRef = 41FE4F8F275081E3EC620E82 /* BuildChannel.swift */; };
		5108275C9415E69F6D8708FF /* ScreeningModels.swift in Sources */ = {isa = PBXBuildFile; fileRef = 1557DFCB0CAF8442F7F1A688 /* ScreeningModels.swift */; };
		519D1D4EC0B75FFC96D7979B /* HomeView.swift in Sources */ = {isa = PBXBuildFile; fileRef = 1CC25F72A27335610F808FA8 /* HomeView.swift */; };
		554AD224071C5C26118571A6 /* OcularModels.swift in Sources */ = {isa = PBXBuildFile; fileRef = C9001A9459892F746005CE25 /* OcularModels.swift */; };
		555EA5EDEA5A17AB2EFE72D3 /* SignalHalo.swift in Sources */ = {isa = PBXBuildFile; fileRef = 23942604D2736802062223EA /* SignalHalo.swift */; };
		5652FD191404BF073A0B86F6 /* SoberComponents.swift in Sources */ = {isa = PBXBuildFile; fileRef = F69FF16FB9F7B0082399E074 /* SoberComponents.swift */; };
		571BAE02276B52C64862F6FC /* InterruptionPolicyTests.swift in Sources */ = {isa = PBXBuildFile; fileRef = 3AB736360F8E779AC1692AC9 /* InterruptionPolicyTests.swift */; };
		5C06CFD44B35DDEF0131EA78 /* SoberApp.swift in Sources */ = {isa = PBXBuildFile; fileRef = 0E8648A1BF4A54BDA96FE775 /* SoberApp.swift */; };
		5CB184DB10A8DA9DDA86ACFA /* UITestLaunchConfiguration.swift in Sources */ = {isa = PBXBuildFile; fileRef = 9578CA43E138C16E0045DB01 /* UITestLaunchConfiguration.swift */; };
		5D4D65ABCBFBD483FD21958D /* ResearchModeView.swift in Sources */ = {isa = PBXBuildFile; fileRef = 0B77BB710C5315F758F0D499 /* ResearchModeView.swift */; };
		618AEF43622793DB3C2938F0 /* InterruptedTaskView.swift in Sources */ = {isa = PBXBuildFile; fileRef = 43FB5E98C4511B45784899E9 /* InterruptedTaskView.swift */; };
		624F30A3820DF1AC72468ABC /* StimulusIsolationTests.swift in Sources */ = {isa = PBXBuildFile; fileRef = 845DB8F174E092281695AC2E /* StimulusIsolationTests.swift */; };
		630520EC9D9955E4D2C300B3 /* ResearchSessionStore.swift in Sources */ = {isa = PBXBuildFile; fileRef = 008D3F8ADA890C91516A0DC1 /* ResearchSessionStore.swift */; };
		645D3B661D6D7819043E1752 /* StateStores.swift in Sources */ = {isa = PBXBuildFile; fileRef = 0688BB4567ADCA25DAA96F46 /* StateStores.swift */; };
		65834F5A8D15E008A6F1288B /* LocalDataFailureTests.swift in Sources */ = {isa = PBXBuildFile; fileRef = A98FC21A7803343F0B5A7C80 /* LocalDataFailureTests.swift */; };
		65F5CD02AA7AFB755CD8A507 /* ResearchPreferences.swift in Sources */ = {isa = PBXBuildFile; fileRef = 281945014B1C95CFDF4E271C /* ResearchPreferences.swift */; };
		674907C06B5829FA87311557 /* SoberComponents.swift in Sources */ = {isa = PBXBuildFile; fileRef = F69FF16FB9F7B0082399E074 /* SoberComponents.swift */; };
		682FB198136E7D1795584E14 /* ResearchSessionStore.swift in Sources */ = {isa = PBXBuildFile; fileRef = 008D3F8ADA890C91516A0DC1 /* ResearchSessionStore.swift */; };
		69BC63D8C1ACB2AE62EE1053 /* OnboardingValidator.swift in Sources */ = {isa = PBXBuildFile; fileRef = 85B3AD8AE892ED87DD4AAEEA /* OnboardingValidator.swift */; };
		69D7D7B5E7E7F19ADDD0629E /* UITestLaunchConfigurationTests.swift in Sources */ = {isa = PBXBuildFile; fileRef = E3314A34E9DD328C72F63E9B /* UITestLaunchConfigurationTests.swift */; };
		6AA8A94B439AB5273C1D0097 /* HistoryView.swift in Sources */ = {isa = PBXBuildFile; fileRef = C562984AD4EE5F0087499CBB /* HistoryView.swift */; };
		6BEEAEAD50551D31CC92ACA5 /* Satoshi-Regular.otf in Resources */ = {isa = PBXBuildFile; fileRef = F2BDE7B619A3CEB8133445B8 /* Satoshi-Regular.otf */; };
		6D32C8F6FD7754A8BB53F5C0 /* OnboardingView.swift in Sources */ = {isa = PBXBuildFile; fileRef = EB3617C72DF6BA3AF37764DF /* OnboardingView.swift */; };
		6D44101605F840EBD5E5F529 /* FaceCameraPreview.swift in Sources */ = {isa = PBXBuildFile; fileRef = 0CB1DFA41473EA81118E1229 /* FaceCameraPreview.swift */; };
		6EE8A46000953B556D8BFE8F /* GuardianAPIClient.swift in Sources */ = {isa = PBXBuildFile; fileRef = CBCFCFA851B09C57729EC78A /* GuardianAPIClient.swift */; };
		7322E48361C81C2E89C60A3D /* YourSteadyView.swift in Sources */ = {isa = PBXBuildFile; fileRef = 4FC54FC880C1A3D97062FCDE /* YourSteadyView.swift */; };
		7401480EE6E5354FBED50A36 /* AccessibilityUITests.swift in Sources */ = {isa = PBXBuildFile; fileRef = FA18DBB71AB47CE423D96907 /* AccessibilityUITests.swift */; };
		75B902DC9EFA654F12C8DEE2 /* FaceCameraPreview.swift in Sources */ = {isa = PBXBuildFile; fileRef = 0CB1DFA41473EA81118E1229 /* FaceCameraPreview.swift */; };
		778CF042B4E3088D27699393 /* Satoshi-Bold.otf in Resources */ = {isa = PBXBuildFile; fileRef = DA4059ED8B1CDC2C0837E26A /* Satoshi-Bold.otf */; };
		77950C028EA8BD14C1C02927 /* ResearchPreferences.swift in Sources */ = {isa = PBXBuildFile; fileRef = 281945014B1C95CFDF4E271C /* ResearchPreferences.swift */; };
		77D00FA3748836F23469020D /* Satoshi-Bold.otf in Resources */ = {isa = PBXBuildFile; fileRef = DA4059ED8B1CDC2C0837E26A /* Satoshi-Bold.otf */; };
		7927D50C9628B61ED2BCC976 /* GuardianCenterView.swift in Sources */ = {isa = PBXBuildFile; fileRef = EF48AFF2B048115E6939DAEC /* GuardianCenterView.swift */; };
		7A81F2DBDA1256D3ED3B4BD9 /* JourneySmokeUITests.swift in Sources */ = {isa = PBXBuildFile; fileRef = 35ABD6127F23F09013D16BF9 /* JourneySmokeUITests.swift */; };
		857568F4B503E22D9B628C11 /* AppModel.swift in Sources */ = {isa = PBXBuildFile; fileRef = F0CB031B0DAC7F8FCAFD491B /* AppModel.swift */; };
		870CEAC234FC3FCCCF391525 /* Assets.xcassets in Resources */ = {isa = PBXBuildFile; fileRef = AA8BCEEE16E4133908B99020 /* Assets.xcassets */; };
		89C872F604789BD16689E0A4 /* PupilMetricsAnalyzer.swift in Sources */ = {isa = PBXBuildFile; fileRef = 05EA0850B072AECB23B6F573 /* PupilMetricsAnalyzer.swift */; };
		8A579B641F45808FC4C51471 /* ReviewRegressionTests.swift in Sources */ = {isa = PBXBuildFile; fileRef = A7D2530230715C6FC2DF59AA /* ReviewRegressionTests.swift */; };
		8A7801282589E1B6707C385D /* DSComponents.swift in Sources */ = {isa = PBXBuildFile; fileRef = D98B992B649C74F7395F2D97 /* DSComponents.swift */; };
		8C740BBAA1BAB84580CFFDAF /* DSPalette.swift in Sources */ = {isa = PBXBuildFile; fileRef = 3431821643AFE8BAF39CD613 /* DSPalette.swift */; };
		8C83DCF07328987A65E39935 /* OcularModels.swift in Sources */ = {isa = PBXBuildFile; fileRef = C9001A9459892F746005CE25 /* OcularModels.swift */; };
		8D5D2DD0C143CD57ED8F346E /* GuardianAPIClient.swift in Sources */ = {isa = PBXBuildFile; fileRef = CBCFCFA851B09C57729EC78A /* GuardianAPIClient.swift */; };
		8F72CC9DA26B2AEDED32591D /* CaptureRecoveryOverlay.swift in Sources */ = {isa = PBXBuildFile; fileRef = 314E02FCE19ACB2DFDDF555C /* CaptureRecoveryOverlay.swift */; };
		906D837DEDF3AA3B6CCA5851 /* HomeView.swift in Sources */ = {isa = PBXBuildFile; fileRef = 1CC25F72A27335610F808FA8 /* HomeView.swift */; };
		90D6CB428AD2EE567D86CE04 /* Satoshi-Medium.otf in Resources */ = {isa = PBXBuildFile; fileRef = FED29A6493ACD865B19246DA /* Satoshi-Medium.otf */; };
		95C39A8225B5DB8620C7CEE5 /* DSBaselinePortrait.swift in Sources */ = {isa = PBXBuildFile; fileRef = ACCADE3964A9C5359D6AD476 /* DSBaselinePortrait.swift */; };
		95F3A51BFEFD9EA047DFAFDC /* RootTabView.swift in Sources */ = {isa = PBXBuildFile; fileRef = 4931F024BDBE787378DF6FB9 /* RootTabView.swift */; };
		9832990078C70120AAC43A1F /* DSTokens.swift in Sources */ = {isa = PBXBuildFile; fileRef = F1154AF077381776EE9F825A /* DSTokens.swift */; };
		993362015F1CB50EC0BA8377 /* NoNetworkInPublicBuildTests.swift in Sources */ = {isa = PBXBuildFile; fileRef = 3A306DA8403F659ED8E1428B /* NoNetworkInPublicBuildTests.swift */; };
		9B222019430D22DD7B06D15F /* AppModel.swift in Sources */ = {isa = PBXBuildFile; fileRef = F0CB031B0DAC7F8FCAFD491B /* AppModel.swift */; };
		9CDF76D1EE7AA3B9E367503D /* OnboardingView.swift in Sources */ = {isa = PBXBuildFile; fileRef = EB3617C72DF6BA3AF37764DF /* OnboardingView.swift */; };
		9DBE5A8CA3BCA27B3DEB32F7 /* GuardianModeTests.swift in Sources */ = {isa = PBXBuildFile; fileRef = 08C8CC181D5834CDC8CC2408 /* GuardianModeTests.swift */; };
		A0C22C75DAD88185B1123392 /* PrivacyInfo.xcprivacy in Resources */ = {isa = PBXBuildFile; fileRef = FBBCE118D97B8673EAF99397 /* PrivacyInfo.xcprivacy */; };
		A2D6113F96A89F7A087A1D96 /* SafetyPlanView.swift in Sources */ = {isa = PBXBuildFile; fileRef = 12FD7A0C2617A8B4053F94FE /* SafetyPlanView.swift */; };
		A4657F61EB270A966DB12398 /* GuardianSessionStore.swift in Sources */ = {isa = PBXBuildFile; fileRef = 37C9FB807BB29095D995C38A /* GuardianSessionStore.swift */; };
		A476623DC27596BDEE2C1536 /* DSTabBar.swift in Sources */ = {isa = PBXBuildFile; fileRef = 6127949ED5CD1BF168B4251C /* DSTabBar.swift */; };
		A80B3F23583ADB494E615179 /* GuardianCheckInServices.swift in Sources */ = {isa = PBXBuildFile; fileRef = FFD19F3128181709DE764F0B /* GuardianCheckInServices.swift */; };
		A8F1BE46F1E94207CAC11427 /* TaskViews.swift in Sources */ = {isa = PBXBuildFile; fileRef = 6F5D3100A283CC667C7A0EF8 /* TaskViews.swift */; };
		AA79B750C6FA3D81DEB27AD5 /* StateStores.swift in Sources */ = {isa = PBXBuildFile; fileRef = 0688BB4567ADCA25DAA96F46 /* StateStores.swift */; };
		AB1444FC78DCD56FBF9D0B5F /* StimulusPalette.swift in Sources */ = {isa = PBXBuildFile; fileRef = B4140C2A150B816F736F4404 /* StimulusPalette.swift */; };
		AE3B1465AE2122A6E021CC4E /* DSComponents.swift in Sources */ = {isa = PBXBuildFile; fileRef = D98B992B649C74F7395F2D97 /* DSComponents.swift */; };
		AF3F7A483DD4CDD0E9C6C323 /* CameraCalibrationView.swift in Sources */ = {isa = PBXBuildFile; fileRef = 13A596808C5944580D9A323B /* CameraCalibrationView.swift */; };
		B02AF5E71ED033A20B47DFA7 /* Satoshi-Regular.otf in Resources */ = {isa = PBXBuildFile; fileRef = F2BDE7B619A3CEB8133445B8 /* Satoshi-Regular.otf */; };
		B3A8D5E80B20F1A3E8FAD387 /* DSIntegratedHomeScreen.swift in Sources */ = {isa = PBXBuildFile; fileRef = F45F75C0251A2017B9471DC9 /* DSIntegratedHomeScreen.swift */; };
		B3B717A7585F81ACF1F8D1BF /* PublicBoundaryUITests.swift in Sources */ = {isa = PBXBuildFile; fileRef = 989CC81D39FF9EB4FB80B6DB /* PublicBoundaryUITests.swift */; };
		B6EE46C2B49B2CD1D195B5C6 /* ResearchModeView.swift in Sources */ = {isa = PBXBuildFile; fileRef = 0B77BB710C5315F758F0D499 /* ResearchModeView.swift */; };
		B78325E9AD2709B514F93ABB /* SoberUITests.swift in Sources */ = {isa = PBXBuildFile; fileRef = 4774E23D01BA58560B461B2E /* SoberUITests.swift */; };
		BE6A415DAF213AB35C1B663E /* Assets.xcassets in Resources */ = {isa = PBXBuildFile; fileRef = AA8BCEEE16E4133908B99020 /* Assets.xcassets */; };
		C20DFEC7378189BB52BE4274 /* Satoshi-LICENSE.txt in Resources */ = {isa = PBXBuildFile; fileRef = 93A7EBEB5D05FF9B5F5E4736 /* Satoshi-LICENSE.txt */; };
		C3E6B6F5DC937DDDBAFADBF2 /* ScreeningEngine.swift in Sources */ = {isa = PBXBuildFile; fileRef = 544A09CBF8D0B39D953DC3AC /* ScreeningEngine.swift */; };
		C74E3D8F49399F2A0F1B8295 /* OnboardingModels.swift in Sources */ = {isa = PBXBuildFile; fileRef = 6F6340F71509A4C6A8614A52 /* OnboardingModels.swift */; };
		C94BC7151A83E0FAF8F66165 /* HistoryView.swift in Sources */ = {isa = PBXBuildFile; fileRef = C562984AD4EE5F0087499CBB /* HistoryView.swift */; };
		C95BB01E59852C259B9EB775 /* HowResultsWorkView.swift in Sources */ = {isa = PBXBuildFile; fileRef = 56DC81AC367AC772D70BDCA6 /* HowResultsWorkView.swift */; };
		CF746581A660CBD426F30F23 /* SignalHalo.swift in Sources */ = {isa = PBXBuildFile; fileRef = 23942604D2736802062223EA /* SignalHalo.swift */; };
		D119B5036B3E95BCFA80816C /* PrivacyInfo.xcprivacy in Resources */ = {isa = PBXBuildFile; fileRef = FBBCE118D97B8673EAF99397 /* PrivacyInfo.xcprivacy */; };
		D3536C9068EDD8488845AAD3 /* PermissionStore.swift in Sources */ = {isa = PBXBuildFile; fileRef = FC092ACD54BAE55BF8380675 /* PermissionStore.swift */; };
		D59C851AEEB911F3B54376CD /* OcularTaskView.swift in Sources */ = {isa = PBXBuildFile; fileRef = 7DF5020E9E4FFA03E0A97B35 /* OcularTaskView.swift */; };
		D5A41CA6A9E9B4A3089483DD /* OcularSignalAnalyzer.swift in Sources */ = {isa = PBXBuildFile; fileRef = E4FEFFB98D7564B843351EA3 /* OcularSignalAnalyzer.swift */; };
		D5D2B38C911487DB3585B946 /* SettingsView.swift in Sources */ = {isa = PBXBuildFile; fileRef = 2E6732CF2B5D184B14D10AED /* SettingsView.swift */; };
		D5F0A9F59D2DEA6E1171097A /* GuardianLiveLocationService.swift in Sources */ = {isa = PBXBuildFile; fileRef = 900C0EB485A259CFC3531C09 /* GuardianLiveLocationService.swift */; };
		D7802D3FD752061892E354A5 /* DSTabBar.swift in Sources */ = {isa = PBXBuildFile; fileRef = 6127949ED5CD1BF168B4251C /* DSTabBar.swift */; };
		D840A44D4F163A644F1FE9A6 /* DSPalette.swift in Sources */ = {isa = PBXBuildFile; fileRef = 3431821643AFE8BAF39CD613 /* DSPalette.swift */; };
		D8DEE00CB83D1B254F3D7A73 /* DSTokens.swift in Sources */ = {isa = PBXBuildFile; fileRef = F1154AF077381776EE9F825A /* DSTokens.swift */; };
		D93C118F4B3390CAE1922E84 /* ScreeningModels.swift in Sources */ = {isa = PBXBuildFile; fileRef = 1557DFCB0CAF8442F7F1A688 /* ScreeningModels.swift */; };
		DB81A446A6CE180BAA7A76E6 /* OnboardingModels.swift in Sources */ = {isa = PBXBuildFile; fileRef = 6F6340F71509A4C6A8614A52 /* OnboardingModels.swift */; };
		DBE3C36740FEC98793240D0A /* OcularSignalAnalyzer.swift in Sources */ = {isa = PBXBuildFile; fileRef = E4FEFFB98D7564B843351EA3 /* OcularSignalAnalyzer.swift */; };
		DCB1000C5637C85C341E85E4 /* HowResultsWorkView.swift in Sources */ = {isa = PBXBuildFile; fileRef = 56DC81AC367AC772D70BDCA6 /* HowResultsWorkView.swift */; };
		DCF1B99206B155131E297B06 /* TaskModels.swift in Sources */ = {isa = PBXBuildFile; fileRef = 64D21C92E2C87F13E3587EA3 /* TaskModels.swift */; };
		DE6D3D78C1F4D890B4D73058 /* UITestLaunchConfiguration.swift in Sources */ = {isa = PBXBuildFile; fileRef = 9578CA43E138C16E0045DB01 /* UITestLaunchConfiguration.swift */; };
		E23A809C154FFA56F40F2171 /* InterruptedTaskView.swift in Sources */ = {isa = PBXBuildFile; fileRef = 43FB5E98C4511B45784899E9 /* InterruptedTaskView.swift */; };
		E7609B38B6002DF84AA1C7F7 /* AppModelTests.swift in Sources */ = {isa = PBXBuildFile; fileRef = 3ED59CDEE3F39A86D8F1627A /* AppModelTests.swift */; };
		E918AD349611CA1B147D0E7B /* DSIntegratedResultScreen.swift in Sources */ = {isa = PBXBuildFile; fileRef = 4FF46C229BF65A51EC338AE9 /* DSIntegratedResultScreen.swift */; };
		EC625CA5C0E9BC76AF62F47F /* PupilCaptureService.swift in Sources */ = {isa = PBXBuildFile; fileRef = F8AF2DEAAA3D84F733B67DC9 /* PupilCaptureService.swift */; };
		EC66E6687A5CEC293F4898E7 /* Satoshi-Medium.otf in Resources */ = {isa = PBXBuildFile; fileRef = FED29A6493ACD865B19246DA /* Satoshi-Medium.otf */; };
		EC8E5A96E6EB532342042E02 /* TaskModels.swift in Sources */ = {isa = PBXBuildFile; fileRef = 64D21C92E2C87F13E3587EA3 /* TaskModels.swift */; };
		EE98AA891AE6BF7AD58F751D /* OnboardingValidator.swift in Sources */ = {isa = PBXBuildFile; fileRef = 85B3AD8AE892ED87DD4AAEEA /* OnboardingValidator.swift */; };
		F0FE2BEFEA5D3A82B0A9C037 /* ScreeningEngine.swift in Sources */ = {isa = PBXBuildFile; fileRef = 544A09CBF8D0B39D953DC3AC /* ScreeningEngine.swift */; };
		F1A042548B9083363BADAED4 /* RootTabView.swift in Sources */ = {isa = PBXBuildFile; fileRef = 4931F024BDBE787378DF6FB9 /* RootTabView.swift */; };
		F47B4525EB2D96CA0EFA1FE5 /* DSFont.swift in Sources */ = {isa = PBXBuildFile; fileRef = 0AD3BB909477CDDCBA26D6D3 /* DSFont.swift */; };
		F47F42240CD0D3CF947DCA4A /* CheckHistoryStore.swift in Sources */ = {isa = PBXBuildFile; fileRef = E9CEE37C8964AF05459CDA9F /* CheckHistoryStore.swift */; };
		F484B3BF63DC3E3462E2D447 /* DSIntegratedHomeScreen.swift in Sources */ = {isa = PBXBuildFile; fileRef = F45F75C0251A2017B9471DC9 /* DSIntegratedHomeScreen.swift */; };
		F711B90B52AC65B1474A2205 /* GuardianCenterView.swift in Sources */ = {isa = PBXBuildFile; fileRef = EF48AFF2B048115E6939DAEC /* GuardianCenterView.swift */; };
		F97EB6201A4427AAD0CA8F3C /* Satoshi-LICENSE.txt in Resources */ = {isa = PBXBuildFile; fileRef = 93A7EBEB5D05FF9B5F5E4736 /* Satoshi-LICENSE.txt */; };
		FABC36E95F69798E797ADD9A /* OcularAndTaskTests.swift in Sources */ = {isa = PBXBuildFile; fileRef = 17C93C19D2DFBA53C1B97033 /* OcularAndTaskTests.swift */; };
		FC0446B060F94C806FA23A8C /* PersistenceFoundationTests.swift in Sources */ = {isa = PBXBuildFile; fileRef = F5CE17DDAF1811BF0F4C6C18 /* PersistenceFoundationTests.swift */; };
		FC554AFB89AD69AA7E0B176C /* SettingsView.swift in Sources */ = {isa = PBXBuildFile; fileRef = 2E6732CF2B5D184B14D10AED /* SettingsView.swift */; };
		FF7AD08CAF8E27D323547F73 /* DSBaselinePortrait.swift in Sources */ = {isa = PBXBuildFile; fileRef = ACCADE3964A9C5359D6AD476 /* DSBaselinePortrait.swift */; };
/* End PBXBuildFile section */

/* Begin PBXContainerItemProxy section */
		85E671BD7CBD5A48C945F273 /* PBXContainerItemProxy */ = {
			isa = PBXContainerItemProxy;
			containerPortal = CF1DAC78A062177D07F16AD4 /* Project object */;
			proxyType = 1;
			remoteGlobalIDString = F1848F7C2B81A7E5AF4CAD9A;
			remoteInfo = Sober;
		};
		B568D7AC5D9444AACB8FDDCB /* PBXContainerItemProxy */ = {
			isa = PBXContainerItemProxy;
			containerPortal = CF1DAC78A062177D07F16AD4 /* Project object */;
			proxyType = 1;
			remoteGlobalIDString = F1848F7C2B81A7E5AF4CAD9A;
			remoteInfo = Sober;
		};
/* End PBXContainerItemProxy section */

/* Begin PBXFileReference section */
		008D3F8ADA890C91516A0DC1 /* ResearchSessionStore.swift */ = {isa = PBXFileReference; lastKnownFileType = sourcecode.swift; path = ResearchSessionStore.swift; sourceTree = "<group>"; };
		05EA0850B072AECB23B6F573 /* PupilMetricsAnalyzer.swift */ = {isa = PBXFileReference; lastKnownFileType = sourcecode.swift; path = PupilMetricsAnalyzer.swift; sourceTree = "<group>"; };
		0688BB4567ADCA25DAA96F46 /* StateStores.swift */ = {isa = PBXFileReference; lastKnownFileType = sourcecode.swift; path = StateStores.swift; sourceTree = "<group>"; };
		073988A5B67D68A322D05A27 /* ReviewerPathUITests.swift */ = {isa = PBXFileReference; lastKnownFileType = sourcecode.swift; path = ReviewerPathUITests.swift; sourceTree = "<group>"; };
		08C8CC181D5834CDC8CC2408 /* GuardianModeTests.swift */ = {isa = PBXFileReference; lastKnownFileType = sourcecode.swift; path = GuardianModeTests.swift; sourceTree = "<group>"; };
		0AD3BB909477CDDCBA26D6D3 /* DSFont.swift */ = {isa = PBXFileReference; lastKnownFileType = sourcecode.swift; path = DSFont.swift; sourceTree = "<group>"; };
		0B3EFD4DB4DBCB29DA687024 /* Info.plist */ = {isa = PBXFileReference; lastKnownFileType = text.plist; path = Info.plist; sourceTree = "<group>"; };
		0B77BB710C5315F758F0D499 /* ResearchModeView.swift */ = {isa = PBXFileReference; lastKnownFileType = sourcecode.swift; path = ResearchModeView.swift; sourceTree = "<group>"; };
		0CB1DFA41473EA81118E1229 /* FaceCameraPreview.swift */ = {isa = PBXFileReference; lastKnownFileType = sourcecode.swift; path = FaceCameraPreview.swift; sourceTree = "<group>"; };
		0E8648A1BF4A54BDA96FE775 /* SoberApp.swift */ = {isa = PBXFileReference; lastKnownFileType = sourcecode.swift; path = SoberApp.swift; sourceTree = "<group>"; };
		12CCE2721A98BF446D4AA3A2 /* CircleMapView.swift */ = {isa = PBXFileReference; lastKnownFileType = sourcecode.swift; path = CircleMapView.swift; sourceTree = "<group>"; };
		12FD7A0C2617A8B4053F94FE /* SafetyPlanView.swift */ = {isa = PBXFileReference; lastKnownFileType = sourcecode.swift; path = SafetyPlanView.swift; sourceTree = "<group>"; };
		13A596808C5944580D9A323B /* CameraCalibrationView.swift */ = {isa = PBXFileReference; lastKnownFileType = sourcecode.swift; path = CameraCalibrationView.swift; sourceTree = "<group>"; };
		1557DFCB0CAF8442F7F1A688 /* ScreeningModels.swift */ = {isa = PBXFileReference; lastKnownFileType = sourcecode.swift; path = ScreeningModels.swift; sourceTree = "<group>"; };
		17C93C19D2DFBA53C1B97033 /* OcularAndTaskTests.swift */ = {isa = PBXFileReference; lastKnownFileType = sourcecode.swift; path = OcularAndTaskTests.swift; sourceTree = "<group>"; };
		1CC25F72A27335610F808FA8 /* HomeView.swift */ = {isa = PBXFileReference; lastKnownFileType = sourcecode.swift; path = HomeView.swift; sourceTree = "<group>"; };
		23942604D2736802062223EA /* SignalHalo.swift */ = {isa = PBXFileReference; lastKnownFileType = sourcecode.swift; path = SignalHalo.swift; sourceTree = "<group>"; };
		281945014B1C95CFDF4E271C /* ResearchPreferences.swift */ = {isa = PBXFileReference; lastKnownFileType = sourcecode.swift; path = ResearchPreferences.swift; sourceTree = "<group>"; };
		2D117214C47BD9D0F74EB077 /* GuardianModels.swift */ = {isa = PBXFileReference; lastKnownFileType = sourcecode.swift; path = GuardianModels.swift; sourceTree = "<group>"; };
		2E6732CF2B5D184B14D10AED /* SettingsView.swift */ = {isa = PBXFileReference; lastKnownFileType = sourcecode.swift; path = SettingsView.swift; sourceTree = "<group>"; };
		314E02FCE19ACB2DFDDF555C /* CaptureRecoveryOverlay.swift */ = {isa = PBXFileReference; lastKnownFileType = sourcecode.swift; path = CaptureRecoveryOverlay.swift; sourceTree = "<group>"; };
		3431821643AFE8BAF39CD613 /* DSPalette.swift */ = {isa = PBXFileReference; lastKnownFileType = sourcecode.swift; path = DSPalette.swift; sourceTree = "<group>"; };
		35ABD6127F23F09013D16BF9 /* JourneySmokeUITests.swift */ = {isa = PBXFileReference; lastKnownFileType = sourcecode.swift; path = JourneySmokeUITests.swift; sourceTree = "<group>"; };
		37C9FB807BB29095D995C38A /* GuardianSessionStore.swift */ = {isa = PBXFileReference; lastKnownFileType = sourcecode.swift; path = GuardianSessionStore.swift; sourceTree = "<group>"; };
		3A306DA8403F659ED8E1428B /* NoNetworkInPublicBuildTests.swift */ = {isa = PBXFileReference; lastKnownFileType = sourcecode.swift; path = NoNetworkInPublicBuildTests.swift; sourceTree = "<group>"; };
		3AB736360F8E779AC1692AC9 /* InterruptionPolicyTests.swift */ = {isa = PBXFileReference; lastKnownFileType = sourcecode.swift; path = InterruptionPolicyTests.swift; sourceTree = "<group>"; };
		3ED59CDEE3F39A86D8F1627A /* AppModelTests.swift */ = {isa = PBXFileReference; lastKnownFileType = sourcecode.swift; path = AppModelTests.swift; sourceTree = "<group>"; };
		41FE4F8F275081E3EC620E82 /* BuildChannel.swift */ = {isa = PBXFileReference; lastKnownFileType = sourcecode.swift; path = BuildChannel.swift; sourceTree = "<group>"; };
		43FB5E98C4511B45784899E9 /* InterruptedTaskView.swift */ = {isa = PBXFileReference; lastKnownFileType = sourcecode.swift; path = InterruptedTaskView.swift; sourceTree = "<group>"; };
		4774E23D01BA58560B461B2E /* SoberUITests.swift */ = {isa = PBXFileReference; lastKnownFileType = sourcecode.swift; path = SoberUITests.swift; sourceTree = "<group>"; };
		47963FDA3614C605DC619806 /* Info-Internal.plist */ = {isa = PBXFileReference; lastKnownFileType = text.plist; path = "Info-Internal.plist"; sourceTree = "<group>"; };
		4931F024BDBE787378DF6FB9 /* RootTabView.swift */ = {isa = PBXFileReference; lastKnownFileType = sourcecode.swift; path = RootTabView.swift; sourceTree = "<group>"; };
		4DC6C8AC127FF67AF764965C /* CheckHistoryTests.swift */ = {isa = PBXFileReference; lastKnownFileType = sourcecode.swift; path = CheckHistoryTests.swift; sourceTree = "<group>"; };
		4FC54FC880C1A3D97062FCDE /* YourSteadyView.swift */ = {isa = PBXFileReference; lastKnownFileType = sourcecode.swift; path = YourSteadyView.swift; sourceTree = "<group>"; };
		4FF46C229BF65A51EC338AE9 /* DSIntegratedResultScreen.swift */ = {isa = PBXFileReference; lastKnownFileType = sourcecode.swift; path = DSIntegratedResultScreen.swift; sourceTree = "<group>"; };
		544A09CBF8D0B39D953DC3AC /* ScreeningEngine.swift */ = {isa = PBXFileReference; lastKnownFileType = sourcecode.swift; path = ScreeningEngine.swift; sourceTree = "<group>"; };
		56DC81AC367AC772D70BDCA6 /* HowResultsWorkView.swift */ = {isa = PBXFileReference; lastKnownFileType = sourcecode.swift; path = HowResultsWorkView.swift; sourceTree = "<group>"; };
		6127949ED5CD1BF168B4251C /* DSTabBar.swift */ = {isa = PBXFileReference; lastKnownFileType = sourcecode.swift; path = DSTabBar.swift; sourceTree = "<group>"; };
		64D21C92E2C87F13E3587EA3 /* TaskModels.swift */ = {isa = PBXFileReference; lastKnownFileType = sourcecode.swift; path = TaskModels.swift; sourceTree = "<group>"; };
		6818BE10CEA441DD6AD13391 /* ScreeningEngineTests.swift */ = {isa = PBXFileReference; lastKnownFileType = sourcecode.swift; path = ScreeningEngineTests.swift; sourceTree = "<group>"; };
		6F5D3100A283CC667C7A0EF8 /* TaskViews.swift */ = {isa = PBXFileReference; lastKnownFileType = sourcecode.swift; path = TaskViews.swift; sourceTree = "<group>"; };
		6F6340F71509A4C6A8614A52 /* OnboardingModels.swift */ = {isa = PBXFileReference; lastKnownFileType = sourcecode.swift; path = OnboardingModels.swift; sourceTree = "<group>"; };
		7546093BAAED4F4EA047F42F /* SoberUITests.xctest */ = {isa = PBXFileReference; includeInIndex = 0; lastKnownFileType = wrapper.cfbundle; path = SoberUITests.xctest; sourceTree = BUILT_PRODUCTS_DIR; };
		780EA89290A39CE59962249D /* SoberInternal.app */ = {isa = PBXFileReference; includeInIndex = 0; lastKnownFileType = wrapper.application; path = SoberInternal.app; sourceTree = BUILT_PRODUCTS_DIR; };
		7DF5020E9E4FFA03E0A97B35 /* OcularTaskView.swift */ = {isa = PBXFileReference; lastKnownFileType = sourcecode.swift; path = OcularTaskView.swift; sourceTree = "<group>"; };
		804D0A298DBB719A4493299F /* ResearchModels.swift */ = {isa = PBXFileReference; lastKnownFileType = sourcecode.swift; path = ResearchModels.swift; sourceTree = "<group>"; };
		845DB8F174E092281695AC2E /* StimulusIsolationTests.swift */ = {isa = PBXFileReference; lastKnownFileType = sourcecode.swift; path = StimulusIsolationTests.swift; sourceTree = "<group>"; };
		85B3AD8AE892ED87DD4AAEEA /* OnboardingValidator.swift */ = {isa = PBXFileReference; lastKnownFileType = sourcecode.swift; path = OnboardingValidator.swift; sourceTree = "<group>"; };
		900C0EB485A259CFC3531C09 /* GuardianLiveLocationService.swift */ = {isa = PBXFileReference; lastKnownFileType = sourcecode.swift; path = GuardianLiveLocationService.swift; sourceTree = "<group>"; };
		93A7EBEB5D05FF9B5F5E4736 /* Satoshi-LICENSE.txt */ = {isa = PBXFileReference; lastKnownFileType = text; path = "Satoshi-LICENSE.txt"; sourceTree = "<group>"; };
		9578CA43E138C16E0045DB01 /* UITestLaunchConfiguration.swift */ = {isa = PBXFileReference; lastKnownFileType = sourcecode.swift; path = UITestLaunchConfiguration.swift; sourceTree = "<group>"; };
		989CC81D39FF9EB4FB80B6DB /* PublicBoundaryUITests.swift */ = {isa = PBXFileReference; lastKnownFileType = sourcecode.swift; path = PublicBoundaryUITests.swift; sourceTree = "<group>"; };
		A20F48F19933BD649B2BB3A9 /* ScreeningFlowView.swift */ = {isa = PBXFileReference; lastKnownFileType = sourcecode.swift; path = ScreeningFlowView.swift; sourceTree = "<group>"; };
		A283843C5F8155F2ABF81000 /* SoberTests.xctest */ = {isa = PBXFileReference; includeInIndex = 0; lastKnownFileType = wrapper.cfbundle; path = SoberTests.xctest; sourceTree = BUILT_PRODUCTS_DIR; };
		A51139029ED00CA564F1EB69 /* FaceTrackingService.swift */ = {isa = PBXFileReference; lastKnownFileType = sourcecode.swift; path = FaceTrackingService.swift; sourceTree = "<group>"; };
		A7D2530230715C6FC2DF59AA /* ReviewRegressionTests.swift */ = {isa = PBXFileReference; lastKnownFileType = sourcecode.swift; path = ReviewRegressionTests.swift; sourceTree = "<group>"; };
		A98FC21A7803343F0B5A7C80 /* LocalDataFailureTests.swift */ = {isa = PBXFileReference; lastKnownFileType = sourcecode.swift; path = LocalDataFailureTests.swift; sourceTree = "<group>"; };
		AA8BCEEE16E4133908B99020 /* Assets.xcassets */ = {isa = PBXFileReference; lastKnownFileType = folder.assetcatalog; path = Assets.xcassets; sourceTree = "<group>"; };
		ACCADE3964A9C5359D6AD476 /* DSBaselinePortrait.swift */ = {isa = PBXFileReference; lastKnownFileType = sourcecode.swift; path = DSBaselinePortrait.swift; sourceTree = "<group>"; };
		B4140C2A150B816F736F4404 /* StimulusPalette.swift */ = {isa = PBXFileReference; lastKnownFileType = sourcecode.swift; path = StimulusPalette.swift; sourceTree = "<group>"; };
		BD193D291F9D389951B550D1 /* OnboardingRiskTests.swift */ = {isa = PBXFileReference; lastKnownFileType = sourcecode.swift; path = OnboardingRiskTests.swift; sourceTree = "<group>"; };
		BDBFAEBB016DAA0ADF21017D /* UITestConfiguration.swift */ = {isa = PBXFileReference; lastKnownFileType = sourcecode.swift; path = UITestConfiguration.swift; sourceTree = "<group>"; };
		C00511FCD57D9B4FBC6B1A1A /* DSGallery.swift */ = {isa = PBXFileReference; lastKnownFileType = sourcecode.swift; path = DSGallery.swift; sourceTree = "<group>"; };
		C562984AD4EE5F0087499CBB /* HistoryView.swift */ = {isa = PBXFileReference; lastKnownFileType = sourcecode.swift; path = HistoryView.swift; sourceTree = "<group>"; };
		C9001A9459892F746005CE25 /* OcularModels.swift */ = {isa = PBXFileReference; lastKnownFileType = sourcecode.swift; path = OcularModels.swift; sourceTree = "<group>"; };
		CBCFCFA851B09C57729EC78A /* GuardianAPIClient.swift */ = {isa = PBXFileReference; lastKnownFileType = sourcecode.swift; path = GuardianAPIClient.swift; sourceTree = "<group>"; };
		D98B992B649C74F7395F2D97 /* DSComponents.swift */ = {isa = PBXFileReference; lastKnownFileType = sourcecode.swift; path = DSComponents.swift; sourceTree = "<group>"; };
		DA4059ED8B1CDC2C0837E26A /* Satoshi-Bold.otf */ = {isa = PBXFileReference; lastKnownFileType = file; path = "Satoshi-Bold.otf"; sourceTree = "<group>"; };
		DF7530F57438E70B5D8D576E /* ResearchDataTests.swift */ = {isa = PBXFileReference; lastKnownFileType = sourcecode.swift; path = ResearchDataTests.swift; sourceTree = "<group>"; };
		DFCA8616F52D00B34DC76C73 /* BaselineProfileEngine.swift */ = {isa = PBXFileReference; lastKnownFileType = sourcecode.swift; path = BaselineProfileEngine.swift; sourceTree = "<group>"; };
		E3314A34E9DD328C72F63E9B /* UITestLaunchConfigurationTests.swift */ = {isa = PBXFileReference; lastKnownFileType = sourcecode.swift; path = UITestLaunchConfigurationTests.swift; sourceTree = "<group>"; };
		E4FEFFB98D7564B843351EA3 /* OcularSignalAnalyzer.swift */ = {isa = PBXFileReference; lastKnownFileType = sourcecode.swift; path = OcularSignalAnalyzer.swift; sourceTree = "<group>"; };
		E5D0277C1F1057B474837F2C /* Sober.app */ = {isa = PBXFileReference; includeInIndex = 0; lastKnownFileType = wrapper.application; path = Sober.app; sourceTree = BUILT_PRODUCTS_DIR; };
		E9CEE37C8964AF05459CDA9F /* CheckHistoryStore.swift */ = {isa = PBXFileReference; lastKnownFileType = sourcecode.swift; path = CheckHistoryStore.swift; sourceTree = "<group>"; };
		EB3617C72DF6BA3AF37764DF /* OnboardingView.swift */ = {isa = PBXFileReference; lastKnownFileType = sourcecode.swift; path = OnboardingView.swift; sourceTree = "<group>"; };
		EF48AFF2B048115E6939DAEC /* GuardianCenterView.swift */ = {isa = PBXFileReference; lastKnownFileType = sourcecode.swift; path = GuardianCenterView.swift; sourceTree = "<group>"; };
		F0CB031B0DAC7F8FCAFD491B /* AppModel.swift */ = {isa = PBXFileReference; lastKnownFileType = sourcecode.swift; path = AppModel.swift; sourceTree = "<group>"; };
		F1154AF077381776EE9F825A /* DSTokens.swift */ = {isa = PBXFileReference; lastKnownFileType = sourcecode.swift; path = DSTokens.swift; sourceTree = "<group>"; };
		F2BDE7B619A3CEB8133445B8 /* Satoshi-Regular.otf */ = {isa = PBXFileReference; lastKnownFileType = file; path = "Satoshi-Regular.otf"; sourceTree = "<group>"; };
		F45F75C0251A2017B9471DC9 /* DSIntegratedHomeScreen.swift */ = {isa = PBXFileReference; lastKnownFileType = sourcecode.swift; path = DSIntegratedHomeScreen.swift; sourceTree = "<group>"; };
		F5CE17DDAF1811BF0F4C6C18 /* PersistenceFoundationTests.swift */ = {isa = PBXFileReference; lastKnownFileType = sourcecode.swift; path = PersistenceFoundationTests.swift; sourceTree = "<group>"; };
		F69FF16FB9F7B0082399E074 /* SoberComponents.swift */ = {isa = PBXFileReference; lastKnownFileType = sourcecode.swift; path = SoberComponents.swift; sourceTree = "<group>"; };
		F8AF2DEAAA3D84F733B67DC9 /* PupilCaptureService.swift */ = {isa = PBXFileReference; lastKnownFileType = sourcecode.swift; path = PupilCaptureService.swift; sourceTree = "<group>"; };
		FA1285417D984728C5CA0F62 /* PupilSegmentation.mlpackage */ = {isa = PBXFileReference; path = PupilSegmentation.mlpackage; sourceTree = "<group>"; };
		FA18DBB71AB47CE423D96907 /* AccessibilityUITests.swift */ = {isa = PBXFileReference; lastKnownFileType = sourcecode.swift; path = AccessibilityUITests.swift; sourceTree = "<group>"; };
		FA3ABA407F78E17298DEA2FD /* Palette.swift */ = {isa = PBXFileReference; lastKnownFileType = sourcecode.swift; path = Palette.swift; sourceTree = "<group>"; };
		FBBCE118D97B8673EAF99397 /* PrivacyInfo.xcprivacy */ = {isa = PBXFileReference; path = PrivacyInfo.xcprivacy; sourceTree = "<group>"; };
		FC092ACD54BAE55BF8380675 /* PermissionStore.swift */ = {isa = PBXFileReference; lastKnownFileType = sourcecode.swift; path = PermissionStore.swift; sourceTree = "<group>"; };
		FED29A6493ACD865B19246DA /* Satoshi-Medium.otf */ = {isa = PBXFileReference; lastKnownFileType = file; path = "Satoshi-Medium.otf"; sourceTree = "<group>"; };
		FFD19F3128181709DE764F0B /* GuardianCheckInServices.swift */ = {isa = PBXFileReference; lastKnownFileType = sourcecode.swift; path = GuardianCheckInServices.swift; sourceTree = "<group>"; };
/* End PBXFileReference section */

/* Begin PBXGroup section */
		0264280DC0D78C25EF0D94FB /* SoberTests */ = {
			isa = PBXGroup;
			children = (
				3ED59CDEE3F39A86D8F1627A /* AppModelTests.swift */,
				4DC6C8AC127FF67AF764965C /* CheckHistoryTests.swift */,
				08C8CC181D5834CDC8CC2408 /* GuardianModeTests.swift */,
				3AB736360F8E779AC1692AC9 /* InterruptionPolicyTests.swift */,
				A98FC21A7803343F0B5A7C80 /* LocalDataFailureTests.swift */,
				3A306DA8403F659ED8E1428B /* NoNetworkInPublicBuildTests.swift */,
				17C93C19D2DFBA53C1B97033 /* OcularAndTaskTests.swift */,
				BD193D291F9D389951B550D1 /* OnboardingRiskTests.swift */,
				F5CE17DDAF1811BF0F4C6C18 /* PersistenceFoundationTests.swift */,
				DF7530F57438E70B5D8D576E /* ResearchDataTests.swift */,
				A7D2530230715C6FC2DF59AA /* ReviewRegressionTests.swift */,
				6818BE10CEA441DD6AD13391 /* ScreeningEngineTests.swift */,
				845DB8F174E092281695AC2E /* StimulusIsolationTests.swift */,
				E3314A34E9DD328C72F63E9B /* UITestLaunchConfigurationTests.swift */,
			);
			path = SoberTests;
			sourceTree = "<group>";
		};
		0A1D53C05D7DB542D8368F35 /* Research */ = {
			isa = PBXGroup;
			children = (
				0B77BB710C5315F758F0D499 /* ResearchModeView.swift */,
			);
			path = Research;
			sourceTree = "<group>";
		};
		0D931F194DF9B61C0FE41CFF /* Screening */ = {
			isa = PBXGroup;
			children = (
				13A596808C5944580D9A323B /* CameraCalibrationView.swift */,
				314E02FCE19ACB2DFDDF555C /* CaptureRecoveryOverlay.swift */,
				43FB5E98C4511B45784899E9 /* InterruptedTaskView.swift */,
				7DF5020E9E4FFA03E0A97B35 /* OcularTaskView.swift */,
				A20F48F19933BD649B2BB3A9 /* ScreeningFlowView.swift */,
				6F5D3100A283CC667C7A0EF8 /* TaskViews.swift */,
			);
			path = Screening;
			sourceTree = "<group>";
		};
		26FAADC19274E05E861374DF /* Design */ = {
			isa = PBXGroup;
			children = (
				FA3ABA407F78E17298DEA2FD /* Palette.swift */,
				B4140C2A150B816F736F4404 /* StimulusPalette.swift */,
			);
			path = Design;
			sourceTree = "<group>";
		};
		2AD38A1F6F0E620AB0798AD7 = {
			isa = PBXGroup;
			children = (
				3302830DB36CA04243C83802 /* Sober */,
				0264280DC0D78C25EF0D94FB /* SoberTests */,
				89BC40BF991C80D4D6116C17 /* SoberUITests */,
				8D71CAD5044A7688E9ABFDCA /* Products */,
			);
			sourceTree = "<group>";
		};
		3302830DB36CA04243C83802 /* Sober */ = {
			isa = PBXGroup;
			children = (
				47963FDA3614C605DC619806 /* Info-Internal.plist */,
				0B3EFD4DB4DBCB29DA687024 /* Info.plist */,
				FBBCE118D97B8673EAF99397 /* PrivacyInfo.xcprivacy */,
				B5546AEA9AF05100D39C8E97 /* App */,
				6979467F7B883BBAC8250E17 /* Components */,
				26FAADC19274E05E861374DF /* Design */,
				7E4AD7A6ED7414A81BEA5E1D /* DesignKit */,
				44992AC65B20E716710B920F /* Features */,
				FCE724912A8F91BCD131718A /* Models */,
				CF199D20615C689ACDD35182 /* Resources */,
				E3A38A79683D8E6226C0B9D2 /* Services */,
			);
			path = Sober;
			sourceTree = "<group>";
		};
		33529F9568176BB063586643 /* Settings */ = {
			isa = PBXGroup;
			children = (
				2E6732CF2B5D184B14D10AED /* SettingsView.swift */,
			);
			path = Settings;
			sourceTree = "<group>";
		};
		44992AC65B20E716710B920F /* Features */ = {
			isa = PBXGroup;
			children = (
				50C581A359890CCA1B38A143 /* Guardian */,
				8C18EE38BAA0C715DC2EC779 /* History */,
				CE3468B3451787117E4877BE /* Home */,
				98960DCB1EE83BC3C464228A /* Onboarding */,
				CD2CD37750A1FFEE5BC32AEF /* Plan */,
				0A1D53C05D7DB542D8368F35 /* Research */,
				98A48E467A8742574A3446D8 /* Root */,
				0D931F194DF9B61C0FE41CFF /* Screening */,
				33529F9568176BB063586643 /* Settings */,
				87F942BD56CC0E4167659644 /* Steady */,
			);
			path = Features;
			sourceTree = "<group>";
		};
		50C581A359890CCA1B38A143 /* Guardian */ = {
			isa = PBXGroup;
			children = (
				12CCE2721A98BF446D4AA3A2 /* CircleMapView.swift */,
				EF48AFF2B048115E6939DAEC /* GuardianCenterView.swift */,
				2D117214C47BD9D0F74EB077 /* GuardianModels.swift */,
			);
			path = Guardian;
			sourceTree = "<group>";
		};
		6979467F7B883BBAC8250E17 /* Components */ = {
			isa = PBXGroup;
			children = (
				0CB1DFA41473EA81118E1229 /* FaceCameraPreview.swift */,
				23942604D2736802062223EA /* SignalHalo.swift */,
				F69FF16FB9F7B0082399E074 /* SoberComponents.swift */,
			);
			path = Components;
			sourceTree = "<group>";
		};
		7BA9B9C8590A9ABE6F39B865 /* Screens */ = {
			isa = PBXGroup;
			children = (
				F45F75C0251A2017B9471DC9 /* DSIntegratedHomeScreen.swift */,
				4FF46C229BF65A51EC338AE9 /* DSIntegratedResultScreen.swift */,
			);
			path = Screens;
			sourceTree = "<group>";
		};
		7E4AD7A6ED7414A81BEA5E1D /* DesignKit */ = {
			isa = PBXGroup;
			children = (
				ACCADE3964A9C5359D6AD476 /* DSBaselinePortrait.swift */,
				D98B992B649C74F7395F2D97 /* DSComponents.swift */,
				0AD3BB909477CDDCBA26D6D3 /* DSFont.swift */,
				C00511FCD57D9B4FBC6B1A1A /* DSGallery.swift */,
				3431821643AFE8BAF39CD613 /* DSPalette.swift */,
				6127949ED5CD1BF168B4251C /* DSTabBar.swift */,
				F1154AF077381776EE9F825A /* DSTokens.swift */,
				7BA9B9C8590A9ABE6F39B865 /* Screens */,
			);
			path = DesignKit;
			sourceTree = "<group>";
		};
		87F942BD56CC0E4167659644 /* Steady */ = {
			isa = PBXGroup;
			children = (
				4FC54FC880C1A3D97062FCDE /* YourSteadyView.swift */,
			);
			path = Steady;
			sourceTree = "<group>";
		};
		89BC40BF991C80D4D6116C17 /* SoberUITests */ = {
			isa = PBXGroup;
			children = (
				FA18DBB71AB47CE423D96907 /* AccessibilityUITests.swift */,
				35ABD6127F23F09013D16BF9 /* JourneySmokeUITests.swift */,
				989CC81D39FF9EB4FB80B6DB /* PublicBoundaryUITests.swift */,
				073988A5B67D68A322D05A27 /* ReviewerPathUITests.swift */,
				4774E23D01BA58560B461B2E /* SoberUITests.swift */,
			);
			path = SoberUITests;
			sourceTree = "<group>";
		};
		8C18EE38BAA0C715DC2EC779 /* History */ = {
			isa = PBXGroup;
			children = (
				C562984AD4EE5F0087499CBB /* HistoryView.swift */,
			);
			path = History;
			sourceTree = "<group>";
		};
		8D71CAD5044A7688E9ABFDCA /* Products */ = {
			isa = PBXGroup;
			children = (
				E5D0277C1F1057B474837F2C /* Sober.app */,
				780EA89290A39CE59962249D /* SoberInternal.app */,
				A283843C5F8155F2ABF81000 /* SoberTests.xctest */,
				7546093BAAED4F4EA047F42F /* SoberUITests.xctest */,
			);
			name = Products;
			sourceTree = "<group>";
		};
		98960DCB1EE83BC3C464228A /* Onboarding */ = {
			isa = PBXGroup;
			children = (
				EB3617C72DF6BA3AF37764DF /* OnboardingView.swift */,
			);
			path = Onboarding;
			sourceTree = "<group>";
		};
		98A48E467A8742574A3446D8 /* Root */ = {
			isa = PBXGroup;
			children = (
				4931F024BDBE787378DF6FB9 /* RootTabView.swift */,
			);
			path = Root;
			sourceTree = "<group>";
		};
		B5546AEA9AF05100D39C8E97 /* App */ = {
			isa = PBXGroup;
			children = (
				F0CB031B0DAC7F8FCAFD491B /* AppModel.swift */,
				41FE4F8F275081E3EC620E82 /* BuildChannel.swift */,
				0E8648A1BF4A54BDA96FE775 /* SoberApp.swift */,
				BDBFAEBB016DAA0ADF21017D /* UITestConfiguration.swift */,
				9578CA43E138C16E0045DB01 /* UITestLaunchConfiguration.swift */,
			);
			path = App;
			sourceTree = "<group>";
		};
		CD2CD37750A1FFEE5BC32AEF /* Plan */ = {
			isa = PBXGroup;
			children = (
				12FD7A0C2617A8B4053F94FE /* SafetyPlanView.swift */,
			);
			path = Plan;
			sourceTree = "<group>";
		};
		CE3468B3451787117E4877BE /* Home */ = {
			isa = PBXGroup;
			children = (
				1CC25F72A27335610F808FA8 /* HomeView.swift */,
				56DC81AC367AC772D70BDCA6 /* HowResultsWorkView.swift */,
			);
			path = Home;
			sourceTree = "<group>";
		};
		CF199D20615C689ACDD35182 /* Resources */ = {
			isa = PBXGroup;
			children = (
				AA8BCEEE16E4133908B99020 /* Assets.xcassets */,
				FA1285417D984728C5CA0F62 /* PupilSegmentation.mlpackage */,
				DDD0C5D73633CBC696CD7E6F /* Fonts */,
			);
			path = Resources;
			sourceTree = "<group>";
		};
		DDD0C5D73633CBC696CD7E6F /* Fonts */ = {
			isa = PBXGroup;
			children = (
				DA4059ED8B1CDC2C0837E26A /* Satoshi-Bold.otf */,
				93A7EBEB5D05FF9B5F5E4736 /* Satoshi-LICENSE.txt */,
				FED29A6493ACD865B19246DA /* Satoshi-Medium.otf */,
				F2BDE7B619A3CEB8133445B8 /* Satoshi-Regular.otf */,
			);
			path = Fonts;
			sourceTree = "<group>";
		};
		E3A38A79683D8E6226C0B9D2 /* Services */ = {
			isa = PBXGroup;
			children = (
				DFCA8616F52D00B34DC76C73 /* BaselineProfileEngine.swift */,
				E9CEE37C8964AF05459CDA9F /* CheckHistoryStore.swift */,
				A51139029ED00CA564F1EB69 /* FaceTrackingService.swift */,
				CBCFCFA851B09C57729EC78A /* GuardianAPIClient.swift */,
				FFD19F3128181709DE764F0B /* GuardianCheckInServices.swift */,
				900C0EB485A259CFC3531C09 /* GuardianLiveLocationService.swift */,
				37C9FB807BB29095D995C38A /* GuardianSessionStore.swift */,
				E4FEFFB98D7564B843351EA3 /* OcularSignalAnalyzer.swift */,
				85B3AD8AE892ED87DD4AAEEA /* OnboardingValidator.swift */,
				FC092ACD54BAE55BF8380675 /* PermissionStore.swift */,
				F8AF2DEAAA3D84F733B67DC9 /* PupilCaptureService.swift */,
				05EA0850B072AECB23B6F573 /* PupilMetricsAnalyzer.swift */,
				008D3F8ADA890C91516A0DC1 /* ResearchSessionStore.swift */,
				544A09CBF8D0B39D953DC3AC /* ScreeningEngine.swift */,
				0688BB4567ADCA25DAA96F46 /* StateStores.swift */,
			);
			path = Services;
			sourceTree = "<group>";
		};
		FCE724912A8F91BCD131718A /* Models */ = {
			isa = PBXGroup;
			children = (
				C9001A9459892F746005CE25 /* OcularModels.swift */,
				6F6340F71509A4C6A8614A52 /* OnboardingModels.swift */,
				804D0A298DBB719A4493299F /* ResearchModels.swift */,
				281945014B1C95CFDF4E271C /* ResearchPreferences.swift */,
				1557DFCB0CAF8442F7F1A688 /* ScreeningModels.swift */,
				64D21C92E2C87F13E3587EA3 /* TaskModels.swift */,
			);
			path = Models;
			sourceTree = "<group>";
		};
/* End PBXGroup section */

/* Begin PBXNativeTarget section */
		28D796906C95F4478FEED7B3 /* SoberTests */ = {
			isa = PBXNativeTarget;
			buildConfigurationList = 9B56F81CF330DFA724B51E6E /* Build configuration list for PBXNativeTarget "SoberTests" */;
			buildPhases = (
				AB4AD64EDF509BD6CA2DDFD8 /* Sources */,
			);
			buildRules = (
			);
			dependencies = (
				A42F817B9EC810E181BF2490 /* PBXTargetDependency */,
			);
			name = SoberTests;
			packageProductDependencies = (
			);
			productName = SoberTests;
			productReference = A283843C5F8155F2ABF81000 /* SoberTests.xctest */;
			productType = "com.apple.product-type.bundle.unit-test";
		};
		8DC96E2F1CA53F9524067922 /* SoberUITests */ = {
			isa = PBXNativeTarget;
			buildConfigurationList = 451BA8166AF2FD536FFCCEB5 /* Build configuration list for PBXNativeTarget "SoberUITests" */;
			buildPhases = (
				8C533BB36DA125542EA66513 /* Sources */,
			);
			buildRules = (
			);
			dependencies = (
				E95AFA46AA1987AC2CED2B7D /* PBXTargetDependency */,
			);
			name = SoberUITests;
			packageProductDependencies = (
			);
			productName = SoberUITests;
			productReference = 7546093BAAED4F4EA047F42F /* SoberUITests.xctest */;
			productType = "com.apple.product-type.bundle.ui-testing";
		};
		C57653EF52276BB440CAEB75 /* SoberInternal */ = {
			isa = PBXNativeTarget;
			buildConfigurationList = 593F4987F494A6B30199BB31 /* Build configuration list for PBXNativeTarget "SoberInternal" */;
			buildPhases = (
				0324F1B8F3DF91CC834CED98 /* Sources */,
				24FE69E07AA8B30C5628EA8F /* Resources */,
			);
			buildRules = (
			);
			dependencies = (
			);
			name = SoberInternal;
			packageProductDependencies = (
			);
			productName = SoberInternal;
			productReference = 780EA89290A39CE59962249D /* SoberInternal.app */;
			productType = "com.apple.product-type.application";
		};
		F1848F7C2B81A7E5AF4CAD9A /* Sober */ = {
			isa = PBXNativeTarget;
			buildConfigurationList = 893B8341BFCD744CE5C81135 /* Build configuration list for PBXNativeTarget "Sober" */;
			buildPhases = (
				AF3A0054D273C9A624B9BFCB /* Sources */,
				0D6C6CF1F73AAE938B18C4F1 /* Resources */,
			);
			buildRules = (
			);
			dependencies = (
			);
			name = Sober;
			packageProductDependencies = (
			);
			productName = Sober;
			productReference = E5D0277C1F1057B474837F2C /* Sober.app */;
			productType = "com.apple.product-type.application";
		};
/* End PBXNativeTarget section */

/* Begin PBXProject section */
		CF1DAC78A062177D07F16AD4 /* Project object */ = {
			isa = PBXProject;
			attributes = {
				BuildIndependentTargetsInParallel = YES;
				LastUpgradeCheck = 2600;
				TargetAttributes = {
					28D796906C95F4478FEED7B3 = {
						DevelopmentTeam = CPRVLR97XJ;
						ProvisioningStyle = Automatic;
					};
					8DC96E2F1CA53F9524067922 = {
						DevelopmentTeam = CPRVLR97XJ;
						ProvisioningStyle = Automatic;
						TestTargetID = F1848F7C2B81A7E5AF4CAD9A;
					};
					C57653EF52276BB440CAEB75 = {
						DevelopmentTeam = CPRVLR97XJ;
						ProvisioningStyle = Automatic;
					};
					F1848F7C2B81A7E5AF4CAD9A = {
						DevelopmentTeam = CPRVLR97XJ;
						ProvisioningStyle = Automatic;
					};
				};
			};
			buildConfigurationList = 34EAAE8361AA3275755B4E5D /* Build configuration list for PBXProject "Sober" */;
			developmentRegion = en;
			hasScannedForEncodings = 0;
			knownRegions = (
				Base,
				en,
			);
			mainGroup = 2AD38A1F6F0E620AB0798AD7;
			minimizedProjectReferenceProxies = 1;
			preferredProjectObjectVersion = 77;
			productRefGroup = 8D71CAD5044A7688E9ABFDCA /* Products */;
			projectDirPath = "";
			projectRoot = "";
			targets = (
				F1848F7C2B81A7E5AF4CAD9A /* Sober */,
				C57653EF52276BB440CAEB75 /* SoberInternal */,
				8DC96E2F1CA53F9524067922 /* SoberUITests */,
				28D796906C95F4478FEED7B3 /* SoberTests */,
			);
		};
/* End PBXProject section */

/* Begin PBXResourcesBuildPhase section */
		0D6C6CF1F73AAE938B18C4F1 /* Resources */ = {
			isa = PBXResourcesBuildPhase;
			buildActionMask = 2147483647;
			files = (
				BE6A415DAF213AB35C1B663E /* Assets.xcassets in Resources */,
				D119B5036B3E95BCFA80816C /* PrivacyInfo.xcprivacy in Resources */,
				778CF042B4E3088D27699393 /* Satoshi-Bold.otf in Resources */,
				C20DFEC7378189BB52BE4274 /* Satoshi-LICENSE.txt in Resources */,
				EC66E6687A5CEC293F4898E7 /* Satoshi-Medium.otf in Resources */,
				B02AF5E71ED033A20B47DFA7 /* Satoshi-Regular.otf in Resources */,
			);
			runOnlyForDeploymentPostprocessing = 0;
		};
		24FE69E07AA8B30C5628EA8F /* Resources */ = {
			isa = PBXResourcesBuildPhase;
			buildActionMask = 2147483647;
			files = (
				870CEAC234FC3FCCCF391525 /* Assets.xcassets in Resources */,
				A0C22C75DAD88185B1123392 /* PrivacyInfo.xcprivacy in Resources */,
				77D00FA3748836F23469020D /* Satoshi-Bold.otf in Resources */,
				F97EB6201A4427AAD0CA8F3C /* Satoshi-LICENSE.txt in Resources */,
				90D6CB428AD2EE567D86CE04 /* Satoshi-Medium.otf in Resources */,
				6BEEAEAD50551D31CC92ACA5 /* Satoshi-Regular.otf in Resources */,
			);
			runOnlyForDeploymentPostprocessing = 0;
		};
/* End PBXResourcesBuildPhase section */

/* Begin PBXSourcesBuildPhase section */
		0324F1B8F3DF91CC834CED98 /* Sources */ = {
			isa = PBXSourcesBuildPhase;
			buildActionMask = 2147483647;
			files = (
				9B222019430D22DD7B06D15F /* AppModel.swift in Sources */,
				2D07B8D0B6262C3C51AC56B9 /* BaselineProfileEngine.swift in Sources */,
				4F9264D1878E28A209723FC3 /* BuildChannel.swift in Sources */,
				25E136262ECBDDB99500EFC8 /* CameraCalibrationView.swift in Sources */,
				4197758E513411230354073D /* CaptureRecoveryOverlay.swift in Sources */,
				27800BEA0A33A57B9A000FF7 /* CheckHistoryStore.swift in Sources */,
				0B54C4F2DB0A6FA7AFD8E75A /* CircleMapView.swift in Sources */,
				95C39A8225B5DB8620C7CEE5 /* DSBaselinePortrait.swift in Sources */,
				8A7801282589E1B6707C385D /* DSComponents.swift in Sources */,
				F47B4525EB2D96CA0EFA1FE5 /* DSFont.swift in Sources */,
				05CE2163F3E42DAEAA3BC849 /* DSGallery.swift in Sources */,
				B3A8D5E80B20F1A3E8FAD387 /* DSIntegratedHomeScreen.swift in Sources */,
				E918AD349611CA1B147D0E7B /* DSIntegratedResultScreen.swift in Sources */,
				D840A44D4F163A644F1FE9A6 /* DSPalette.swift in Sources */,
				A476623DC27596BDEE2C1536 /* DSTabBar.swift in Sources */,
				9832990078C70120AAC43A1F /* DSTokens.swift in Sources */,
				6D44101605F840EBD5E5F529 /* FaceCameraPreview.swift in Sources */,
				3F106A6C595930023A26361C /* FaceTrackingService.swift in Sources */,
				8D5D2DD0C143CD57ED8F346E /* GuardianAPIClient.swift in Sources */,
				F711B90B52AC65B1474A2205 /* GuardianCenterView.swift in Sources */,
				240740F7B4158F40241A1623 /* GuardianCheckInServices.swift in Sources */,
				239948BB6751F7C427A1D917 /* GuardianLiveLocationService.swift in Sources */,
				3EA25F4F063F9D6ED20EF794 /* GuardianModels.swift in Sources */,
				A4657F61EB270A966DB12398 /* GuardianSessionStore.swift in Sources */,
				C94BC7151A83E0FAF8F66165 /* HistoryView.swift in Sources */,
				519D1D4EC0B75FFC96D7979B /* HomeView.swift in Sources */,
				DCB1000C5637C85C341E85E4 /* HowResultsWorkView.swift in Sources */,
				618AEF43622793DB3C2938F0 /* InterruptedTaskView.swift in Sources */,
				8C83DCF07328987A65E39935 /* OcularModels.swift in Sources */,
				DBE3C36740FEC98793240D0A /* OcularSignalAnalyzer.swift in Sources */,
				D59C851AEEB911F3B54376CD /* OcularTaskView.swift in Sources */,
				C74E3D8F49399F2A0F1B8295 /* OnboardingModels.swift in Sources */,
				69BC63D8C1ACB2AE62EE1053 /* OnboardingValidator.swift in Sources */,
				9CDF76D1EE7AA3B9E367503D /* OnboardingView.swift in Sources */,
				4E943F7B367AD4FC6E465D9F /* Palette.swift in Sources */,
				D3536C9068EDD8488845AAD3 /* PermissionStore.swift in Sources */,
				EC625CA5C0E9BC76AF62F47F /* PupilCaptureService.swift in Sources */,
				42141DE1E9EE74A5965E13BB /* PupilMetricsAnalyzer.swift in Sources */,
				31463DBCB8555A12DF3AA4C6 /* PupilSegmentation.mlpackage in Sources */,
				5D4D65ABCBFBD483FD21958D /* ResearchModeView.swift in Sources */,
				3FCEA4BDF29B948140B5BB46 /* ResearchModels.swift in Sources */,
				65F5CD02AA7AFB755CD8A507 /* ResearchPreferences.swift in Sources */,
				682FB198136E7D1795584E14 /* ResearchSessionStore.swift in Sources */,
				F1A042548B9083363BADAED4 /* RootTabView.swift in Sources */,
				A2D6113F96A89F7A087A1D96 /* SafetyPlanView.swift in Sources */,
				F0FE2BEFEA5D3A82B0A9C037 /* ScreeningEngine.swift in Sources */,
				1A71C37E89A77CAE14E2F97E /* ScreeningFlowView.swift in Sources */,
				D93C118F4B3390CAE1922E84 /* ScreeningModels.swift in Sources */,
				FC554AFB89AD69AA7E0B176C /* SettingsView.swift in Sources */,
				CF746581A660CBD426F30F23 /* SignalHalo.swift in Sources */,
				5C06CFD44B35DDEF0131EA78 /* SoberApp.swift in Sources */,
				674907C06B5829FA87311557 /* SoberComponents.swift in Sources */,
				AA79B750C6FA3D81DEB27AD5 /* StateStores.swift in Sources */,
				AB1444FC78DCD56FBF9D0B5F /* StimulusPalette.swift in Sources */,
				DCF1B99206B155131E297B06 /* TaskModels.swift in Sources */,
				2240F5630277E3063C46013A /* TaskViews.swift in Sources */,
				28B736154A9676FCB216F736 /* UITestConfiguration.swift in Sources */,
				DE6D3D78C1F4D890B4D73058 /* UITestLaunchConfiguration.swift in Sources */,
				7322E48361C81C2E89C60A3D /* YourSteadyView.swift in Sources */,
			);
			runOnlyForDeploymentPostprocessing = 0;
		};
		8C533BB36DA125542EA66513 /* Sources */ = {
			isa = PBXSourcesBuildPhase;
			buildActionMask = 2147483647;
			files = (
				7401480EE6E5354FBED50A36 /* AccessibilityUITests.swift in Sources */,
				7A81F2DBDA1256D3ED3B4BD9 /* JourneySmokeUITests.swift in Sources */,
				B3B717A7585F81ACF1F8D1BF /* PublicBoundaryUITests.swift in Sources */,
				165C267256A7800A47A7B2A0 /* ReviewerPathUITests.swift in Sources */,
				B78325E9AD2709B514F93ABB /* SoberUITests.swift in Sources */,
			);
			runOnlyForDeploymentPostprocessing = 0;
		};
		AB4AD64EDF509BD6CA2DDFD8 /* Sources */ = {
			isa = PBXSourcesBuildPhase;
			buildActionMask = 2147483647;
			files = (
				E7609B38B6002DF84AA1C7F7 /* AppModelTests.swift in Sources */,
				40C71064DB2B9FAB175D9BB8 /* CheckHistoryTests.swift in Sources */,
				9DBE5A8CA3BCA27B3DEB32F7 /* GuardianModeTests.swift in Sources */,
				571BAE02276B52C64862F6FC /* InterruptionPolicyTests.swift in Sources */,
				65834F5A8D15E008A6F1288B /* LocalDataFailureTests.swift in Sources */,
				993362015F1CB50EC0BA8377 /* NoNetworkInPublicBuildTests.swift in Sources */,
				FABC36E95F69798E797ADD9A /* OcularAndTaskTests.swift in Sources */,
				1D4BDDF59794DB3265604243 /* OnboardingRiskTests.swift in Sources */,
				FC0446B060F94C806FA23A8C /* PersistenceFoundationTests.swift in Sources */,
				45A9CFA18E73738D0779B36E /* ResearchDataTests.swift in Sources */,
				8A579B641F45808FC4C51471 /* ReviewRegressionTests.swift in Sources */,
				4D64B64690636893D56287E9 /* ScreeningEngineTests.swift in Sources */,
				624F30A3820DF1AC72468ABC /* StimulusIsolationTests.swift in Sources */,
				69D7D7B5E7E7F19ADDD0629E /* UITestLaunchConfigurationTests.swift in Sources */,
			);
			runOnlyForDeploymentPostprocessing = 0;
		};
		AF3A0054D273C9A624B9BFCB /* Sources */ = {
			isa = PBXSourcesBuildPhase;
			buildActionMask = 2147483647;
			files = (
				857568F4B503E22D9B628C11 /* AppModel.swift in Sources */,
				439F5160C69E50720CBFC354 /* BaselineProfileEngine.swift in Sources */,
				4F62F042E27D34C126E97BA6 /* BuildChannel.swift in Sources */,
				AF3F7A483DD4CDD0E9C6C323 /* CameraCalibrationView.swift in Sources */,
				8F72CC9DA26B2AEDED32591D /* CaptureRecoveryOverlay.swift in Sources */,
				F47F42240CD0D3CF947DCA4A /* CheckHistoryStore.swift in Sources */,
				3A9A132BD01BD7CE651159AB /* CircleMapView.swift in Sources */,
				FF7AD08CAF8E27D323547F73 /* DSBaselinePortrait.swift in Sources */,
				AE3B1465AE2122A6E021CC4E /* DSComponents.swift in Sources */,
				2462681B9D8662FFAE4B604B /* DSFont.swift in Sources */,
				37542A4D2550BCD812E972FE /* DSGallery.swift in Sources */,
				F484B3BF63DC3E3462E2D447 /* DSIntegratedHomeScreen.swift in Sources */,
				2B3D0C06779F49543898A3F2 /* DSIntegratedResultScreen.swift in Sources */,
				8C740BBAA1BAB84580CFFDAF /* DSPalette.swift in Sources */,
				D7802D3FD752061892E354A5 /* DSTabBar.swift in Sources */,
				D8DEE00CB83D1B254F3D7A73 /* DSTokens.swift in Sources */,
				75B902DC9EFA654F12C8DEE2 /* FaceCameraPreview.swift in Sources */,
				2BBAFCA3C3B8F8461D7B215B /* FaceTrackingService.swift in Sources */,
				6EE8A46000953B556D8BFE8F /* GuardianAPIClient.swift in Sources */,
				7927D50C9628B61ED2BCC976 /* GuardianCenterView.swift in Sources */,
				A80B3F23583ADB494E615179 /* GuardianCheckInServices.swift in Sources */,
				D5F0A9F59D2DEA6E1171097A /* GuardianLiveLocationService.swift in Sources */,
				4A4A228F87CD8ADA69E9632E /* GuardianModels.swift in Sources */,
				40574DCC9B2EFDA9FB9D5434 /* GuardianSessionStore.swift in Sources */,
				6AA8A94B439AB5273C1D0097 /* HistoryView.swift in Sources */,
				906D837DEDF3AA3B6CCA5851 /* HomeView.swift in Sources */,
				C95BB01E59852C259B9EB775 /* HowResultsWorkView.swift in Sources */,
				E23A809C154FFA56F40F2171 /* InterruptedTaskView.swift in Sources */,
				554AD224071C5C26118571A6 /* OcularModels.swift in Sources */,
				D5A41CA6A9E9B4A3089483DD /* OcularSignalAnalyzer.swift in Sources */,
				3F6DC813101ECF9A30552ABC /* OcularTaskView.swift in Sources */,
				DB81A446A6CE180BAA7A76E6 /* OnboardingModels.swift in Sources */,
				EE98AA891AE6BF7AD58F751D /* OnboardingValidator.swift in Sources */,
				6D32C8F6FD7754A8BB53F5C0 /* OnboardingView.swift in Sources */,
				3884A8114D5B0E0DA27AB108 /* Palette.swift in Sources */,
				15BB1FE2A7A259D81112EBEC /* PermissionStore.swift in Sources */,
				0E534F84BD34F6C553810602 /* PupilCaptureService.swift in Sources */,
				89C872F604789BD16689E0A4 /* PupilMetricsAnalyzer.swift in Sources */,
				B6EE46C2B49B2CD1D195B5C6 /* ResearchModeView.swift in Sources */,
				48E4C17B7146DC42773D76D5 /* ResearchModels.swift in Sources */,
				77950C028EA8BD14C1C02927 /* ResearchPreferences.swift in Sources */,
				630520EC9D9955E4D2C300B3 /* ResearchSessionStore.swift in Sources */,
				95F3A51BFEFD9EA047DFAFDC /* RootTabView.swift in Sources */,
				3A884C52287D98149E445215 /* SafetyPlanView.swift in Sources */,
				C3E6B6F5DC937DDDBAFADBF2 /* ScreeningEngine.swift in Sources */,
				4BCE367BF7EAC7EF84E82CAE /* ScreeningFlowView.swift in Sources */,
				5108275C9415E69F6D8708FF /* ScreeningModels.swift in Sources */,
				D5D2B38C911487DB3585B946 /* SettingsView.swift in Sources */,
				555EA5EDEA5A17AB2EFE72D3 /* SignalHalo.swift in Sources */,
				0A73DCDA18F4DBDE47491D2B /* SoberApp.swift in Sources */,
				5652FD191404BF073A0B86F6 /* SoberComponents.swift in Sources */,
				645D3B661D6D7819043E1752 /* StateStores.swift in Sources */,
				312565781DA1FBF2E8A2B930 /* StimulusPalette.swift in Sources */,
				EC8E5A96E6EB532342042E02 /* TaskModels.swift in Sources */,
				A8F1BE46F1E94207CAC11427 /* TaskViews.swift in Sources */,
				2089434D8F6BF6EACE598E75 /* UITestConfiguration.swift in Sources */,
				5CB184DB10A8DA9DDA86ACFA /* UITestLaunchConfiguration.swift in Sources */,
				11921ADD7BF72AAB627531B7 /* YourSteadyView.swift in Sources */,
			);
			runOnlyForDeploymentPostprocessing = 0;
		};
/* End PBXSourcesBuildPhase section */

/* Begin PBXTargetDependency section */
		A42F817B9EC810E181BF2490 /* PBXTargetDependency */ = {
			isa = PBXTargetDependency;
			target = F1848F7C2B81A7E5AF4CAD9A /* Sober */;
			targetProxy = 85E671BD7CBD5A48C945F273 /* PBXContainerItemProxy */;
		};
		E95AFA46AA1987AC2CED2B7D /* PBXTargetDependency */ = {
			isa = PBXTargetDependency;
			target = F1848F7C2B81A7E5AF4CAD9A /* Sober */;
			targetProxy = B568D7AC5D9444AACB8FDDCB /* PBXContainerItemProxy */;
		};
/* End PBXTargetDependency section */

/* Begin XCBuildConfiguration section */
		1239CA1C563D6F7E12DF525A /* Release */ = {
			isa = XCBuildConfiguration;
			buildSettings = {
				BUNDLE_LOADER = "$(TEST_HOST)";
				GENERATE_INFOPLIST_FILE = YES;
				LD_RUNPATH_SEARCH_PATHS = (
					"$(inherited)",
					"@executable_path/Frameworks",
					"@loader_path/Frameworks",
				);
				PRODUCT_BUNDLE_IDENTIFIER = com.soberprototype.tests;
				SDKROOT = iphoneos;
				TARGETED_DEVICE_FAMILY = "1,2";
				TEST_HOST = "$(BUILT_PRODUCTS_DIR)/Sober.app/Sober";
			};
			name = Release;
		};
		2AC1F90A1184FED642C9D9A8 /* Debug */ = {
			isa = XCBuildConfiguration;
			buildSettings = {
				BUNDLE_LOADER = "$(TEST_HOST)";
				GENERATE_INFOPLIST_FILE = YES;
				LD_RUNPATH_SEARCH_PATHS = (
					"$(inherited)",
					"@executable_path/Frameworks",
					"@loader_path/Frameworks",
				);
				PRODUCT_BUNDLE_IDENTIFIER = com.soberprototype.uitests;
				SDKROOT = iphoneos;
				TARGETED_DEVICE_FAMILY = "1,2";
				TEST_TARGET_NAME = Sober;
			};
			name = Debug;
		};
		5556A5E46F084F19CF103A6D /* Debug */ = {
			isa = XCBuildConfiguration;
			buildSettings = {
				ASSETCATALOG_COMPILER_APPICON_NAME = AppIcon;
				CODE_SIGN_IDENTITY = "iPhone Developer";
				CURRENT_PROJECT_VERSION = 3;
				INFOPLIST_FILE = "Sober/Info-Internal.plist";
				LD_RUNPATH_SEARCH_PATHS = (
					"$(inherited)",
					"@executable_path/Frameworks",
				);
				MARKETING_VERSION = 1.0;
				PRODUCT_BUNDLE_IDENTIFIER = com.soberprototype.internal;
				PRODUCT_NAME = SoberInternal;
				SDKROOT = iphoneos;
				SOBER_GUARDIAN_API_URL = "http://127.0.0.1:8787";
				SWIFT_ACTIVE_COMPILATION_CONDITIONS = "$(inherited) INTERNAL_BUILD";
				TARGETED_DEVICE_FAMILY = 1;
			};
			name = Debug;
		};
		585D79BB5DCA16BA0D031A45 /* Debug */ = {
			isa = XCBuildConfiguration;
			buildSettings = {
				BUNDLE_LOADER = "$(TEST_HOST)";
				GENERATE_INFOPLIST_FILE = YES;
				LD_RUNPATH_SEARCH_PATHS = (
					"$(inherited)",
					"@executable_path/Frameworks",
					"@loader_path/Frameworks",
				);
				PRODUCT_BUNDLE_IDENTIFIER = com.soberprototype.tests;
				SDKROOT = iphoneos;
				TARGETED_DEVICE_FAMILY = "1,2";
				TEST_HOST = "$(BUILT_PRODUCTS_DIR)/Sober.app/Sober";
			};
			name = Debug;
		};
		70E4628343EAE5D5F2E52DD0 /* Release */ = {
			isa = XCBuildConfiguration;
			buildSettings = {
				BUNDLE_LOADER = "$(TEST_HOST)";
				GENERATE_INFOPLIST_FILE = YES;
				LD_RUNPATH_SEARCH_PATHS = (
					"$(inherited)",
					"@executable_path/Frameworks",
					"@loader_path/Frameworks",
				);
				PRODUCT_BUNDLE_IDENTIFIER = com.soberprototype.uitests;
				SDKROOT = iphoneos;
				TARGETED_DEVICE_FAMILY = "1,2";
				TEST_TARGET_NAME = Sober;
			};
			name = Release;
		};
		9EC6530C7FBF5B0D4FD69A88 /* Debug */ = {
			isa = XCBuildConfiguration;
			buildSettings = {
				ASSETCATALOG_COMPILER_APPICON_NAME = AppIcon;
				CODE_SIGN_IDENTITY = "iPhone Developer";
				CURRENT_PROJECT_VERSION = 3;
				INFOPLIST_FILE = Sober/Info.plist;
				LD_RUNPATH_SEARCH_PATHS = (
					"$(inherited)",
					"@executable_path/Frameworks",
				);
				MARKETING_VERSION = 1.0;
				PRODUCT_BUNDLE_IDENTIFIER = com.soberprototype.app;
				PRODUCT_NAME = Sober;
				SDKROOT = iphoneos;
				SWIFT_ACTIVE_COMPILATION_CONDITIONS = "$(inherited)";
				TARGETED_DEVICE_FAMILY = 1;
			};
			name = Debug;
		};
		9F1E15CD0D47933038196CA7 /* Release */ = {
			isa = XCBuildConfiguration;
			buildSettings = {
				ASSETCATALOG_COMPILER_APPICON_NAME = AppIcon;
				CODE_SIGN_IDENTITY = "iPhone Developer";
				CURRENT_PROJECT_VERSION = 3;
				INFOPLIST_FILE = "Sober/Info-Internal.plist";
				LD_RUNPATH_SEARCH_PATHS = (
					"$(inherited)",
					"@executable_path/Frameworks",
				);
				MARKETING_VERSION = 1.0;
				PRODUCT_BUNDLE_IDENTIFIER = com.soberprototype.internal;
				PRODUCT_NAME = SoberInternal;
				SDKROOT = iphoneos;
				SOBER_GUARDIAN_API_URL = "";
				SWIFT_ACTIVE_COMPILATION_CONDITIONS = "$(inherited) INTERNAL_BUILD";
				TARGETED_DEVICE_FAMILY = 1;
			};
			name = Release;
		};
		A0E8C32166D771755CFC72C6 /* Release */ = {
			isa = XCBuildConfiguration;
			buildSettings = {
				ALWAYS_SEARCH_USER_PATHS = NO;
				CLANG_ANALYZER_NONNULL = YES;
				CLANG_ANALYZER_NUMBER_OBJECT_CONVERSION = YES_AGGRESSIVE;
				CLANG_CXX_LANGUAGE_STANDARD = "gnu++14";
				CLANG_CXX_LIBRARY = "libc++";
				CLANG_ENABLE_MODULES = YES;
				CLANG_ENABLE_OBJC_ARC = YES;
				CLANG_ENABLE_OBJC_WEAK = YES;
				CLANG_WARN_BLOCK_CAPTURE_AUTORELEASING = YES;
				CLANG_WARN_BOOL_CONVERSION = YES;
				CLANG_WARN_COMMA = YES;
				CLANG_WARN_CONSTANT_CONVERSION = YES;
				CLANG_WARN_DEPRECATED_OBJC_IMPLEMENTATIONS = YES;
				CLANG_WARN_DIRECT_OBJC_ISA_USAGE = YES_ERROR;
				CLANG_WARN_DOCUMENTATION_COMMENTS = YES;
				CLANG_WARN_EMPTY_BODY = YES;
				CLANG_WARN_ENUM_CONVERSION = YES;
				CLANG_WARN_INFINITE_RECURSION = YES;
				CLANG_WARN_INT_CONVERSION = YES;
				CLANG_WARN_NON_LITERAL_NULL_CONVERSION = YES;
				CLANG_WARN_OBJC_IMPLICIT_RETAIN_SELF = YES;
				CLANG_WARN_OBJC_LITERAL_CONVERSION = YES;
				CLANG_WARN_OBJC_ROOT_CLASS = YES_ERROR;
				CLANG_WARN_QUOTED_INCLUDE_IN_FRAMEWORK_HEADER = YES;
				CLANG_WARN_RANGE_LOOP_ANALYSIS = YES;
				CLANG_WARN_STRICT_PROTOTYPES = YES;
				CLANG_WARN_SUSPICIOUS_MOVE = YES;
				CLANG_WARN_UNGUARDED_AVAILABILITY = YES_AGGRESSIVE;
				CLANG_WARN_UNREACHABLE_CODE = YES;
				CLANG_WARN__DUPLICATE_METHOD_MATCH = YES;
				CODE_SIGN_STYLE = Automatic;
				COPY_PHASE_STRIP = NO;
				DEBUG_INFORMATION_FORMAT = "dwarf-with-dsym";
				DEVELOPMENT_TEAM = CPRVLR97XJ;
				ENABLE_NS_ASSERTIONS = NO;
				ENABLE_STRICT_OBJC_MSGSEND = YES;
				GCC_C_LANGUAGE_STANDARD = gnu11;
				GCC_NO_COMMON_BLOCKS = YES;
				GCC_WARN_64_TO_32_BIT_CONVERSION = YES;
				GCC_WARN_ABOUT_RETURN_TYPE = YES_ERROR;
				GCC_WARN_UNDECLARED_SELECTOR = YES;
				GCC_WARN_UNINITIALIZED_AUTOS = YES_AGGRESSIVE;
				GCC_WARN_UNUSED_FUNCTION = YES;
				GCC_WARN_UNUSED_VARIABLE = YES;
				IPHONEOS_DEPLOYMENT_TARGET = 17.0;
				MTL_ENABLE_DEBUG_INFO = NO;
				MTL_FAST_MATH = YES;
				PRODUCT_NAME = "$(TARGET_NAME)";
				SDKROOT = iphoneos;
				SWIFT_COMPILATION_MODE = wholemodule;
				SWIFT_OPTIMIZATION_LEVEL = "-O";
				SWIFT_VERSION = 6.0;
			};
			name = Release;
		};
		B6782AFC92B2B6441C0CD2C9 /* Debug */ = {
			isa = XCBuildConfiguration;
			buildSettings = {
				ALWAYS_SEARCH_USER_PATHS = NO;
				CLANG_ANALYZER_NONNULL = YES;
				CLANG_ANALYZER_NUMBER_OBJECT_CONVERSION = YES_AGGRESSIVE;
				CLANG_CXX_LANGUAGE_STANDARD = "gnu++14";
				CLANG_CXX_LIBRARY = "libc++";
				CLANG_ENABLE_MODULES = YES;
				CLANG_ENABLE_OBJC_ARC = YES;
				CLANG_ENABLE_OBJC_WEAK = YES;
				CLANG_WARN_BLOCK_CAPTURE_AUTORELEASING = YES;
				CLANG_WARN_BOOL_CONVERSION = YES;
				CLANG_WARN_COMMA = YES;
				CLANG_WARN_CONSTANT_CONVERSION = YES;
				CLANG_WARN_DEPRECATED_OBJC_IMPLEMENTATIONS = YES;
				CLANG_WARN_DIRECT_OBJC_ISA_USAGE = YES_ERROR;
				CLANG_WARN_DOCUMENTATION_COMMENTS = YES;
				CLANG_WARN_EMPTY_BODY = YES;
				CLANG_WARN_ENUM_CONVERSION = YES;
				CLANG_WARN_INFINITE_RECURSION = YES;
				CLANG_WARN_INT_CONVERSION = YES;
				CLANG_WARN_NON_LITERAL_NULL_CONVERSION = YES;
				CLANG_WARN_OBJC_IMPLICIT_RETAIN_SELF = YES;
				CLANG_WARN_OBJC_LITERAL_CONVERSION = YES;
				CLANG_WARN_OBJC_ROOT_CLASS = YES_ERROR;
				CLANG_WARN_QUOTED_INCLUDE_IN_FRAMEWORK_HEADER = YES;
				CLANG_WARN_RANGE_LOOP_ANALYSIS = YES;
				CLANG_WARN_STRICT_PROTOTYPES = YES;
				CLANG_WARN_SUSPICIOUS_MOVE = YES;
				CLANG_WARN_UNGUARDED_AVAILABILITY = YES_AGGRESSIVE;
				CLANG_WARN_UNREACHABLE_CODE = YES;
				CLANG_WARN__DUPLICATE_METHOD_MATCH = YES;
				CODE_SIGN_STYLE = Automatic;
				COPY_PHASE_STRIP = NO;
				DEBUG_INFORMATION_FORMAT = dwarf;
				DEVELOPMENT_TEAM = CPRVLR97XJ;
				ENABLE_STRICT_OBJC_MSGSEND = YES;
				ENABLE_TESTABILITY = YES;
				GCC_C_LANGUAGE_STANDARD = gnu11;
				GCC_DYNAMIC_NO_PIC = NO;
				GCC_NO_COMMON_BLOCKS = YES;
				GCC_OPTIMIZATION_LEVEL = 0;
				GCC_PREPROCESSOR_DEFINITIONS = (
					"$(inherited)",
					"DEBUG=1",
				);
				GCC_WARN_64_TO_32_BIT_CONVERSION = YES;
				GCC_WARN_ABOUT_RETURN_TYPE = YES_ERROR;
				GCC_WARN_UNDECLARED_SELECTOR = YES;
				GCC_WARN_UNINITIALIZED_AUTOS = YES_AGGRESSIVE;
				GCC_WARN_UNUSED_FUNCTION = YES;
				GCC_WARN_UNUSED_VARIABLE = YES;
				IPHONEOS_DEPLOYMENT_TARGET = 17.0;
				MTL_ENABLE_DEBUG_INFO = INCLUDE_SOURCE;
				MTL_FAST_MATH = YES;
				ONLY_ACTIVE_ARCH = YES;
				PRODUCT_NAME = "$(TARGET_NAME)";
				SDKROOT = iphoneos;
				SWIFT_ACTIVE_COMPILATION_CONDITIONS = DEBUG;
				SWIFT_OPTIMIZATION_LEVEL = "-Onone";
				SWIFT_VERSION = 6.0;
			};
			name = Debug;
		};
		CA0A1ACB0F84D660013162EB /* Release */ = {
			isa = XCBuildConfiguration;
			buildSettings = {
				ASSETCATALOG_COMPILER_APPICON_NAME = AppIcon;
				CODE_SIGN_IDENTITY = "iPhone Developer";
				CURRENT_PROJECT_VERSION = 3;
				INFOPLIST_FILE = Sober/Info.plist;
				LD_RUNPATH_SEARCH_PATHS = (
					"$(inherited)",
					"@executable_path/Frameworks",
				);
				MARKETING_VERSION = 1.0;
				PRODUCT_BUNDLE_IDENTIFIER = com.soberprototype.app;
				PRODUCT_NAME = Sober;
				SDKROOT = iphoneos;
				SWIFT_ACTIVE_COMPILATION_CONDITIONS = "$(inherited)";
				TARGETED_DEVICE_FAMILY = 1;
			};
			name = Release;
		};
/* End XCBuildConfiguration section */

/* Begin XCConfigurationList section */
		34EAAE8361AA3275755B4E5D /* Build configuration list for PBXProject "Sober" */ = {
			isa = XCConfigurationList;
			buildConfigurations = (
				B6782AFC92B2B6441C0CD2C9 /* Debug */,
				A0E8C32166D771755CFC72C6 /* Release */,
			);
			defaultConfigurationIsVisible = 0;
			defaultConfigurationName = Debug;
		};
		451BA8166AF2FD536FFCCEB5 /* Build configuration list for PBXNativeTarget "SoberUITests" */ = {
			isa = XCConfigurationList;
			buildConfigurations = (
				2AC1F90A1184FED642C9D9A8 /* Debug */,
				70E4628343EAE5D5F2E52DD0 /* Release */,
			);
			defaultConfigurationIsVisible = 0;
			defaultConfigurationName = Debug;
		};
		593F4987F494A6B30199BB31 /* Build configuration list for PBXNativeTarget "SoberInternal" */ = {
			isa = XCConfigurationList;
			buildConfigurations = (
				5556A5E46F084F19CF103A6D /* Debug */,
				9F1E15CD0D47933038196CA7 /* Release */,
			);
			defaultConfigurationIsVisible = 0;
			defaultConfigurationName = Debug;
		};
		893B8341BFCD744CE5C81135 /* Build configuration list for PBXNativeTarget "Sober" */ = {
			isa = XCConfigurationList;
			buildConfigurations = (
				9EC6530C7FBF5B0D4FD69A88 /* Debug */,
				CA0A1ACB0F84D660013162EB /* Release */,
			);
			defaultConfigurationIsVisible = 0;
			defaultConfigurationName = Debug;
		};
		9B56F81CF330DFA724B51E6E /* Build configuration list for PBXNativeTarget "SoberTests" */ = {
			isa = XCConfigurationList;
			buildConfigurations = (
				585D79BB5DCA16BA0D031A45 /* Debug */,
				1239CA1C563D6F7E12DF525A /* Release */,
			);
			defaultConfigurationIsVisible = 0;
			defaultConfigurationName = Debug;
		};
/* End XCConfigurationList section */
	};
	rootObject = CF1DAC78A062177D07F16AD4 /* Project object */;
}
